// !$*UTF8*$!
{
	archiveVersion = 1;
	classes = {
	};
	objectVersion = 46;
	objects = {

/* Begin PBXBuildFile section */
		8305D7F81C86B8A900F71645 /* Login_validateCodeApi.m in Sources */ = {isa = PBXBuildFile; fileRef = 8305D7F71C86B8A900F71645 /* Login_validateCodeApi.m */; };
		8305D7FB1C86C87E00F71645 /* Signup_registerApi.m in Sources */ = {isa = PBXBuildFile; fileRef = 8305D7FA1C86C87E00F71645 /* Signup_registerApi.m */; };
		8305D7FE1C86C9A300F71645 /* Login_loginApi.m in Sources */ = {isa = PBXBuildFile; fileRef = 8305D7FD1C86C9A300F71645 /* Login_loginApi.m */; };
		8305D8011C86CA5A00F71645 /* Login_resetPasswordApi.m in Sources */ = {isa = PBXBuildFile; fileRef = 8305D8001C86CA5A00F71645 /* Login_resetPasswordApi.m */; };
		830722CB1C8FAE0700475C41 /* Cart_GoodsTableViewCell.m in Sources */ = {isa = PBXBuildFile; fileRef = 830722CA1C8FAE0700475C41 /* Cart_GoodsTableViewCell.m */; };
		830722CE1C8FBCAE00475C41 /* Cart_addApi.m in Sources */ = {isa = PBXBuildFile; fileRef = 830722CD1C8FBCAE00475C41 /* Cart_addApi.m */; };
		830722D11C8FC00300475C41 /* Cart_getListApi.m in Sources */ = {isa = PBXBuildFile; fileRef = 830722D01C8FC00300475C41 /* Cart_getListApi.m */; };
		830722D41C8FC21700475C41 /* Cart_goods.m in Sources */ = {isa = PBXBuildFile; fileRef = 830722D31C8FC21700475C41 /* Cart_goods.m */; };
		830722D71C8FD27100475C41 /* Cart_deleteApi.m in Sources */ = {isa = PBXBuildFile; fileRef = 830722D61C8FD27100475C41 /* Cart_deleteApi.m */; };
		831C43421C8935DE00FDE244 /* Main_TopicCollectionViewCell.m in Sources */ = {isa = PBXBuildFile; fileRef = 831C43411C8935DE00FDE244 /* Main_TopicCollectionViewCell.m */; };
		8348A9F11C881C1B00ED9EF5 /* MainViewController.m in Sources */ = {isa = PBXBuildFile; fileRef = 8348A9F01C881C1B00ED9EF5 /* MainViewController.m */; };
		8348A9F91C881C2700ED9EF5 /* CartViewController.m in Sources */ = {isa = PBXBuildFile; fileRef = 8348A9F81C881C2700ED9EF5 /* CartViewController.m */; };
		8348AA011C881C2E00ED9EF5 /* MineViewController.m in Sources */ = {isa = PBXBuildFile; fileRef = 8348AA001C881C2E00ED9EF5 /* MineViewController.m */; };
		8348AA041C881C9900ED9EF5 /* Main_Goods.m in Sources */ = {isa = PBXBuildFile; fileRef = 8348AA031C881C9900ED9EF5 /* Main_Goods.m */; };
		8348AA071C881FD300ED9EF5 /* Main_Banner.m in Sources */ = {isa = PBXBuildFile; fileRef = 8348AA061C881FD300ED9EF5 /* Main_Banner.m */; };
		8348AA0A1C88225300ED9EF5 /* Main_Topic.m in Sources */ = {isa = PBXBuildFile; fileRef = 8348AA091C88225300ED9EF5 /* Main_Topic.m */; };
		8348AA0D1C88246800ED9EF5 /* Main_Category.m in Sources */ = {isa = PBXBuildFile; fileRef = 8348AA0C1C88246800ED9EF5 /* Main_Category.m */; };
		8348AA101C882A6F00ED9EF5 /* Main_homeApi.m in Sources */ = {isa = PBXBuildFile; fileRef = 8348AA0F1C882A6F00ED9EF5 /* Main_homeApi.m */; };
		8348AA161C882E2100ED9EF5 /* DatabaseHelper.m in Sources */ = {isa = PBXBuildFile; fileRef = 8348AA151C882E2100ED9EF5 /* DatabaseHelper.m */; };
		83548E771C83D84C00A2252F /* ForgetPasswordViewController.m in Sources */ = {isa = PBXBuildFile; fileRef = 83548E761C83D84C00A2252F /* ForgetPasswordViewController.m */; };
		836013EC1C8568870090257C /* Login_updateAnonymousTokenApi.m in Sources */ = {isa = PBXBuildFile; fileRef = 836013EB1C8568870090257C /* Login_updateAnonymousTokenApi.m */; };
		836013F31C856C3F0090257C /* AccountHelper.m in Sources */ = {isa = PBXBuildFile; fileRef = 836013EE1C856C3F0090257C /* AccountHelper.m */; };
		836013F41C856C3F0090257C /* AccountManager.m in Sources */ = {isa = PBXBuildFile; fileRef = 836013F01C856C3F0090257C /* AccountManager.m */; };
		836013F51C856C3F0090257C /* SharedDatabaseHelper.m in Sources */ = {isa = PBXBuildFile; fileRef = 836013F21C856C3F0090257C /* SharedDatabaseHelper.m */; };
		836013F91C856D5C0090257C /* User.m in Sources */ = {isa = PBXBuildFile; fileRef = 836013F81C856D5C0090257C /* User.m */; };
		836013FC1C8571BD0090257C /* Mine_releaseTokenApi.m in Sources */ = {isa = PBXBuildFile; fileRef = 836013FB1C8571BD0090257C /* Mine_releaseTokenApi.m */; };
		836013FF1C8575370090257C /* Login_sendCodeApi.m in Sources */ = {isa = PBXBuildFile; fileRef = 836013FE1C8575370090257C /* Login_sendCodeApi.m */; };
		836014031C857EA70090257C /* VerifyTools.m in Sources */ = {isa = PBXBuildFile; fileRef = 836014021C857EA70090257C /* VerifyTools.m */; };
		836A64291C7BDFEB00219035 /* BaseNavigationController.m in Sources */ = {isa = PBXBuildFile; fileRef = 836A64261C7BDFEB00219035 /* BaseNavigationController.m */; };
		836A642A1C7BDFEB00219035 /* BaseViewController.m in Sources */ = {isa = PBXBuildFile; fileRef = 836A64281C7BDFEB00219035 /* BaseViewController.m */; };
		836A642F1C7BE09E00219035 /* Config.m in Sources */ = {isa = PBXBuildFile; fileRef = 836A642D1C7BE09E00219035 /* Config.m */; };
		836A64511C7BE22100219035 /* AESenAndDe.m in Sources */ = {isa = PBXBuildFile; fileRef = 836A64331C7BE22100219035 /* AESenAndDe.m */; };
		836A64521C7BE22100219035 /* FBEncryptorAES.m in Sources */ = {isa = PBXBuildFile; fileRef = 836A64351C7BE22100219035 /* FBEncryptorAES.m */; };
		836A64531C7BE22100219035 /* GTMBase64.m in Sources */ = {isa = PBXBuildFile; fileRef = 836A64371C7BE22100219035 /* GTMBase64.m */; settings = {COMPILER_FLAGS = "-fno-objc-arc"; }; };
		836A64541C7BE22100219035 /* MF_Base64Additions.m in Sources */ = {isa = PBXBuildFile; fileRef = 836A643B1C7BE22100219035 /* MF_Base64Additions.m */; };
		836A645C1C7BE22100219035 /* MBProgressHUD+Helper.m in Sources */ = {isa = PBXBuildFile; fileRef = 836A644E1C7BE22100219035 /* MBProgressHUD+Helper.m */; };
		836A645D1C7BE22100219035 /* TextView.m in Sources */ = {isa = PBXBuildFile; fileRef = 836A64501C7BE22100219035 /* TextView.m */; };
		836A64D21C7BE30900219035 /* ConfigArgument.m in Sources */ = {isa = PBXBuildFile; fileRef = 836A64821C7BE30900219035 /* ConfigArgument.m */; };
		836A64D31C7BE30900219035 /* ConfigYTKRequest.m in Sources */ = {isa = PBXBuildFile; fileRef = 836A64841C7BE30900219035 /* ConfigYTKRequest.m */; };
		836A64F41C7BE41700219035 /* RequestAccessory.m in Sources */ = {isa = PBXBuildFile; fileRef = 836A64F31C7BE41700219035 /* RequestAccessory.m */; };
		836C9DBA1C7BF2C8000DA3C5 /* libz.tbd in Frameworks */ = {isa = PBXBuildFile; fileRef = 836C9DB91C7BF2C8000DA3C5 /* libz.tbd */; };
		836C9DBC1C7BF2D4000DA3C5 /* libsqlite3.tbd in Frameworks */ = {isa = PBXBuildFile; fileRef = 836C9DBB1C7BF2D4000DA3C5 /* libsqlite3.tbd */; };
		836C9DBE1C7BF2DD000DA3C5 /* SystemConfiguration.framework in Frameworks */ = {isa = PBXBuildFile; fileRef = 836C9DBD1C7BF2DC000DA3C5 /* SystemConfiguration.framework */; };
		836C9DC01C7BF2E5000DA3C5 /* CoreTelephony.framework in Frameworks */ = {isa = PBXBuildFile; fileRef = 836C9DBF1C7BF2E5000DA3C5 /* CoreTelephony.framework */; };
		836C9DC21C7BF2EB000DA3C5 /* Security.framework in Frameworks */ = {isa = PBXBuildFile; fileRef = 836C9DC11C7BF2EB000DA3C5 /* Security.framework */; };
		836C9DCD1C7BF370000DA3C5 /* MTA Advanced Gamming Model Programming Guide.pdf in Resources */ = {isa = PBXBuildFile; fileRef = 836C9DC61C7BF370000DA3C5 /* MTA Advanced Gamming Model Programming Guide.pdf */; };
		836C9DCE1C7BF370000DA3C5 /* MTA Developing Guide.pdf in Resources */ = {isa = PBXBuildFile; fileRef = 836C9DC71C7BF370000DA3C5 /* MTA Developing Guide.pdf */; };
		836C9DCF1C7BF370000DA3C5 /* libmtasdk.a in Frameworks */ = {isa = PBXBuildFile; fileRef = 836C9DC81C7BF370000DA3C5 /* libmtasdk.a */; };
		836C9DD01C7BF370000DA3C5 /* ReleaseNotes.txt in Resources */ = {isa = PBXBuildFile; fileRef = 836C9DCC1C7BF370000DA3C5 /* ReleaseNotes.txt */; };
		836C9DD31C7BF441000DA3C5 /* KSCrash.framework in Frameworks */ = {isa = PBXBuildFile; fileRef = 836C9DD21C7BF441000DA3C5 /* KSCrash.framework */; };
		836C9DD51C7BF461000DA3C5 /* libc++.tbd in Frameworks */ = {isa = PBXBuildFile; fileRef = 836C9DD41C7BF461000DA3C5 /* libc++.tbd */; };
		8377E8F31C8D05E200709E83 /* Main_GoodsCollectionViewController.m in Sources */ = {isa = PBXBuildFile; fileRef = 8377E8F21C8D05E200709E83 /* Main_GoodsCollectionViewController.m */; };
		8377E8F61C8D075100709E83 /* Main_GoodsCollectionViewCell.m in Sources */ = {isa = PBXBuildFile; fileRef = 8377E8F51C8D075100709E83 /* Main_GoodsCollectionViewCell.m */; };
		8377E8F91C8D2CA700709E83 /* Main_goodsListApi.m in Sources */ = {isa = PBXBuildFile; fileRef = 8377E8F81C8D2CA700709E83 /* Main_goodsListApi.m */; };
		8384AD6F1C83C61E001CCA0C /* SetPasswordViewController.m in Sources */ = {isa = PBXBuildFile; fileRef = 8384AD6E1C83C61E001CCA0C /* SetPasswordViewController.m */; };
		8385751A1C903D4500A26960 /* Main_GoodsCommentViewController.m in Sources */ = {isa = PBXBuildFile; fileRef = 838575191C903D4500A26960 /* Main_GoodsCommentViewController.m */; };
		838983FF1C8D5BDD00D0057C /* Main_getGoodsApi.m in Sources */ = {isa = PBXBuildFile; fileRef = 838983FE1C8D5BDD00D0057C /* Main_getGoodsApi.m */; };
		838984021C8D5DEC00D0057C /* Main_GoodsDetailViewController.m in Sources */ = {isa = PBXBuildFile; fileRef = 838984011C8D5DEC00D0057C /* Main_GoodsDetailViewController.m */; };
		838984051C8D663B00D0057C /* Main_GoodsDetail.m in Sources */ = {isa = PBXBuildFile; fileRef = 838984041C8D663B00D0057C /* Main_GoodsDetail.m */; };
		83A46F4D1C7D460300C17759 /* LoginViewController.m in Sources */ = {isa = PBXBuildFile; fileRef = 83A46F4C1C7D460300C17759 /* LoginViewController.m */; };
		83A544F91C896CC90062FF0C /* Main_CategoryTableViewCell.m in Sources */ = {isa = PBXBuildFile; fileRef = 83A544F81C896CC90062FF0C /* Main_CategoryTableViewCell.m */; };
		83E0A25E1C7AF3B4002E4954 /* main.m in Sources */ = {isa = PBXBuildFile; fileRef = 83E0A25D1C7AF3B4002E4954 /* main.m */; };
		83E0A2691C7AF3B4002E4954 /* Assets.xcassets in Resources */ = {isa = PBXBuildFile; fileRef = 83E0A2681C7AF3B4002E4954 /* Assets.xcassets */; };
		83E0A2771C7AF3B4002E4954 /* DaMiZhiTongCheTests.m in Sources */ = {isa = PBXBuildFile; fileRef = 83E0A2761C7AF3B4002E4954 /* DaMiZhiTongCheTests.m */; };
		83E0A2821C7AF3B4002E4954 /* DaMiZhiTongCheUITests.m in Sources */ = {isa = PBXBuildFile; fileRef = 83E0A2811C7AF3B4002E4954 /* DaMiZhiTongCheUITests.m */; };
		83E0A2921C7AF5F8002E4954 /* AppDelegate.m in Sources */ = {isa = PBXBuildFile; fileRef = 83E0A2911C7AF5F8002E4954 /* AppDelegate.m */; };
		83FE91C21C90F61E0032654B /* CartSettlementViewController.m in Sources */ = {isa = PBXBuildFile; fileRef = 83FE91C11C90F61E0032654B /* CartSettlementViewController.m */; };
		83FE91C51C910BA90032654B /* Cart_SettlementTableViewCell.m in Sources */ = {isa = PBXBuildFile; fileRef = 83FE91C41C910BA90032654B /* Cart_SettlementTableViewCell.m */; };
		83FE91C81C91119E0032654B /* Cart_PaymentTableViewCell.m in Sources */ = {isa = PBXBuildFile; fileRef = 83FE91C71C91119E0032654B /* Cart_PaymentTableViewCell.m */; };
		83FE91CB1C9118AE0032654B /* Cart_AddressTableViewCell.m in Sources */ = {isa = PBXBuildFile; fileRef = 83FE91CA1C9118AE0032654B /* Cart_AddressTableViewCell.m */; };
		83FE91CE1C9122880032654B /* CartAddressListViewController.m in Sources */ = {isa = PBXBuildFile; fileRef = 83FE91CD1C9122880032654B /* CartAddressListViewController.m */; };
		D53058472E4618A3670C5603 /* libPods.a in Frameworks */ = {isa = PBXBuildFile; fileRef = E3A9EB6C3077EF3167E81F88 /* libPods.a */; };
/* End PBXBuildFile section */

/* Begin PBXContainerItemProxy section */
		83E0A2731C7AF3B4002E4954 /* PBXContainerItemProxy */ = {
			isa = PBXContainerItemProxy;
			containerPortal = 83E0A2511C7AF3B4002E4954 /* Project object */;
			proxyType = 1;
			remoteGlobalIDString = 83E0A2581C7AF3B4002E4954;
			remoteInfo = DaMiZhiTongChe;
		};
		83E0A27E1C7AF3B4002E4954 /* PBXContainerItemProxy */ = {
			isa = PBXContainerItemProxy;
			containerPortal = 83E0A2511C7AF3B4002E4954 /* Project object */;
			proxyType = 1;
			remoteGlobalIDString = 83E0A2581C7AF3B4002E4954;
			remoteInfo = DaMiZhiTongChe;
		};
/* End PBXContainerItemProxy section */

/* Begin PBXFileReference section */
		0FE7ABB510C854B55E126402 /* Pods.debug.xcconfig */ = {isa = PBXFileReference; includeInIndex = 1; lastKnownFileType = text.xcconfig; name = Pods.debug.xcconfig; path = "Pods/Target Support Files/Pods/Pods.debug.xcconfig"; sourceTree = "<group>"; };
		50FFD4F0D120AD746C8EA22F /* Pods.release.xcconfig */ = {isa = PBXFileReference; includeInIndex = 1; lastKnownFileType = text.xcconfig; name = Pods.release.xcconfig; path = "Pods/Target Support Files/Pods/Pods.release.xcconfig"; sourceTree = "<group>"; };
		8305D7F61C86B8A900F71645 /* Login_validateCodeApi.h */ = {isa = PBXFileReference; fileEncoding = 4; lastKnownFileType = sourcecode.c.h; path = Login_validateCodeApi.h; sourceTree = "<group>"; };
		8305D7F71C86B8A900F71645 /* Login_validateCodeApi.m */ = {isa = PBXFileReference; fileEncoding = 4; lastKnownFileType = sourcecode.c.objc; path = Login_validateCodeApi.m; sourceTree = "<group>"; };
		8305D7F91C86C87E00F71645 /* Signup_registerApi.h */ = {isa = PBXFileReference; fileEncoding = 4; lastKnownFileType = sourcecode.c.h; path = Signup_registerApi.h; sourceTree = "<group>"; };
		8305D7FA1C86C87E00F71645 /* Signup_registerApi.m */ = {isa = PBXFileReference; fileEncoding = 4; lastKnownFileType = sourcecode.c.objc; path = Signup_registerApi.m; sourceTree = "<group>"; };
		8305D7FC1C86C9A300F71645 /* Login_loginApi.h */ = {isa = PBXFileReference; fileEncoding = 4; lastKnownFileType = sourcecode.c.h; path = Login_loginApi.h; sourceTree = "<group>"; };
		8305D7FD1C86C9A300F71645 /* Login_loginApi.m */ = {isa = PBXFileReference; fileEncoding = 4; lastKnownFileType = sourcecode.c.objc; path = Login_loginApi.m; sourceTree = "<group>"; };
		8305D7FF1C86CA5A00F71645 /* Login_resetPasswordApi.h */ = {isa = PBXFileReference; fileEncoding = 4; lastKnownFileType = sourcecode.c.h; path = Login_resetPasswordApi.h; sourceTree = "<group>"; };
		8305D8001C86CA5A00F71645 /* Login_resetPasswordApi.m */ = {isa = PBXFileReference; fileEncoding = 4; lastKnownFileType = sourcecode.c.objc; path = Login_resetPasswordApi.m; sourceTree = "<group>"; };
		830722C91C8FAE0700475C41 /* Cart_GoodsTableViewCell.h */ = {isa = PBXFileReference; fileEncoding = 4; lastKnownFileType = sourcecode.c.h; path = Cart_GoodsTableViewCell.h; sourceTree = "<group>"; };
		830722CA1C8FAE0700475C41 /* Cart_GoodsTableViewCell.m */ = {isa = PBXFileReference; fileEncoding = 4; lastKnownFileType = sourcecode.c.objc; path = Cart_GoodsTableViewCell.m; sourceTree = "<group>"; };
		830722CC1C8FBCAE00475C41 /* Cart_addApi.h */ = {isa = PBXFileReference; fileEncoding = 4; lastKnownFileType = sourcecode.c.h; path = Cart_addApi.h; sourceTree = "<group>"; };
		830722CD1C8FBCAE00475C41 /* Cart_addApi.m */ = {isa = PBXFileReference; fileEncoding = 4; lastKnownFileType = sourcecode.c.objc; path = Cart_addApi.m; sourceTree = "<group>"; };
		830722CF1C8FC00300475C41 /* Cart_getListApi.h */ = {isa = PBXFileReference; fileEncoding = 4; lastKnownFileType = sourcecode.c.h; path = Cart_getListApi.h; sourceTree = "<group>"; };
		830722D01C8FC00300475C41 /* Cart_getListApi.m */ = {isa = PBXFileReference; fileEncoding = 4; lastKnownFileType = sourcecode.c.objc; path = Cart_getListApi.m; sourceTree = "<group>"; };
		830722D21C8FC21700475C41 /* Cart_goods.h */ = {isa = PBXFileReference; fileEncoding = 4; lastKnownFileType = sourcecode.c.h; path = Cart_goods.h; sourceTree = "<group>"; };
		830722D31C8FC21700475C41 /* Cart_goods.m */ = {isa = PBXFileReference; fileEncoding = 4; lastKnownFileType = sourcecode.c.objc; path = Cart_goods.m; sourceTree = "<group>"; };
		830722D51C8FD27000475C41 /* Cart_deleteApi.h */ = {isa = PBXFileReference; fileEncoding = 4; lastKnownFileType = sourcecode.c.h; path = Cart_deleteApi.h; sourceTree = "<group>"; };
		830722D61C8FD27100475C41 /* Cart_deleteApi.m */ = {isa = PBXFileReference; fileEncoding = 4; lastKnownFileType = sourcecode.c.objc; path = Cart_deleteApi.m; sourceTree = "<group>"; };
		831C43401C8935DE00FDE244 /* Main_TopicCollectionViewCell.h */ = {isa = PBXFileReference; fileEncoding = 4; lastKnownFileType = sourcecode.c.h; path = Main_TopicCollectionViewCell.h; sourceTree = "<group>"; };
		831C43411C8935DE00FDE244 /* Main_TopicCollectionViewCell.m */ = {isa = PBXFileReference; fileEncoding = 4; lastKnownFileType = sourcecode.c.objc; path = Main_TopicCollectionViewCell.m; sourceTree = "<group>"; };
		8348A9EF1C881C1B00ED9EF5 /* MainViewController.h */ = {isa = PBXFileReference; fileEncoding = 4; lastKnownFileType = sourcecode.c.h; path = MainViewController.h; sourceTree = "<group>"; };
		8348A9F01C881C1B00ED9EF5 /* MainViewController.m */ = {isa = PBXFileReference; fileEncoding = 4; lastKnownFileType = sourcecode.c.objc; path = MainViewController.m; sourceTree = "<group>"; };
		8348A9F71C881C2700ED9EF5 /* CartViewController.h */ = {isa = PBXFileReference; fileEncoding = 4; lastKnownFileType = sourcecode.c.h; path = CartViewController.h; sourceTree = "<group>"; };
		8348A9F81C881C2700ED9EF5 /* CartViewController.m */ = {isa = PBXFileReference; fileEncoding = 4; lastKnownFileType = sourcecode.c.objc; path = CartViewController.m; sourceTree = "<group>"; };
		8348A9FF1C881C2E00ED9EF5 /* MineViewController.h */ = {isa = PBXFileReference; fileEncoding = 4; lastKnownFileType = sourcecode.c.h; path = MineViewController.h; sourceTree = "<group>"; };
		8348AA001C881C2E00ED9EF5 /* MineViewController.m */ = {isa = PBXFileReference; fileEncoding = 4; lastKnownFileType = sourcecode.c.objc; path = MineViewController.m; sourceTree = "<group>"; };
		8348AA021C881C9900ED9EF5 /* Main_Goods.h */ = {isa = PBXFileReference; fileEncoding = 4; lastKnownFileType = sourcecode.c.h; path = Main_Goods.h; sourceTree = "<group>"; };
		8348AA031C881C9900ED9EF5 /* Main_Goods.m */ = {isa = PBXFileReference; fileEncoding = 4; lastKnownFileType = sourcecode.c.objc; path = Main_Goods.m; sourceTree = "<group>"; };
		8348AA051C881FD300ED9EF5 /* Main_Banner.h */ = {isa = PBXFileReference; fileEncoding = 4; lastKnownFileType = sourcecode.c.h; path = Main_Banner.h; sourceTree = "<group>"; };
		8348AA061C881FD300ED9EF5 /* Main_Banner.m */ = {isa = PBXFileReference; fileEncoding = 4; lastKnownFileType = sourcecode.c.objc; path = Main_Banner.m; sourceTree = "<group>"; };
		8348AA081C88225300ED9EF5 /* Main_Topic.h */ = {isa = PBXFileReference; fileEncoding = 4; lastKnownFileType = sourcecode.c.h; path = Main_Topic.h; sourceTree = "<group>"; };
		8348AA091C88225300ED9EF5 /* Main_Topic.m */ = {isa = PBXFileReference; fileEncoding = 4; lastKnownFileType = sourcecode.c.objc; path = Main_Topic.m; sourceTree = "<group>"; };
		8348AA0B1C88246800ED9EF5 /* Main_Category.h */ = {isa = PBXFileReference; fileEncoding = 4; lastKnownFileType = sourcecode.c.h; path = Main_Category.h; sourceTree = "<group>"; };
		8348AA0C1C88246800ED9EF5 /* Main_Category.m */ = {isa = PBXFileReference; fileEncoding = 4; lastKnownFileType = sourcecode.c.objc; path = Main_Category.m; sourceTree = "<group>"; };
		8348AA0E1C882A6F00ED9EF5 /* Main_homeApi.h */ = {isa = PBXFileReference; fileEncoding = 4; lastKnownFileType = sourcecode.c.h; path = Main_homeApi.h; sourceTree = "<group>"; };
		8348AA0F1C882A6F00ED9EF5 /* Main_homeApi.m */ = {isa = PBXFileReference; fileEncoding = 4; lastKnownFileType = sourcecode.c.objc; path = Main_homeApi.m; sourceTree = "<group>"; };
		8348AA141C882E2100ED9EF5 /* DatabaseHelper.h */ = {isa = PBXFileReference; fileEncoding = 4; lastKnownFileType = sourcecode.c.h; path = DatabaseHelper.h; sourceTree = "<group>"; };
		8348AA151C882E2100ED9EF5 /* DatabaseHelper.m */ = {isa = PBXFileReference; fileEncoding = 4; lastKnownFileType = sourcecode.c.objc; path = DatabaseHelper.m; sourceTree = "<group>"; };
		83548E751C83D84C00A2252F /* ForgetPasswordViewController.h */ = {isa = PBXFileReference; fileEncoding = 4; lastKnownFileType = sourcecode.c.h; path = ForgetPasswordViewController.h; sourceTree = "<group>"; };
		83548E761C83D84C00A2252F /* ForgetPasswordViewController.m */ = {isa = PBXFileReference; fileEncoding = 4; lastKnownFileType = sourcecode.c.objc; path = ForgetPasswordViewController.m; sourceTree = "<group>"; };
		836013EA1C8568870090257C /* Login_updateAnonymousTokenApi.h */ = {isa = PBXFileReference; fileEncoding = 4; lastKnownFileType = sourcecode.c.h; path = Login_updateAnonymousTokenApi.h; sourceTree = "<group>"; };
		836013EB1C8568870090257C /* Login_updateAnonymousTokenApi.m */ = {isa = PBXFileReference; fileEncoding = 4; lastKnownFileType = sourcecode.c.objc; path = Login_updateAnonymousTokenApi.m; sourceTree = "<group>"; };
		836013ED1C856C3F0090257C /* AccountHelper.h */ = {isa = PBXFileReference; fileEncoding = 4; lastKnownFileType = sourcecode.c.h; path = AccountHelper.h; sourceTree = "<group>"; };
		836013EE1C856C3F0090257C /* AccountHelper.m */ = {isa = PBXFileReference; fileEncoding = 4; lastKnownFileType = sourcecode.c.objc; path = AccountHelper.m; sourceTree = "<group>"; };
		836013EF1C856C3F0090257C /* AccountManager.h */ = {isa = PBXFileReference; fileEncoding = 4; lastKnownFileType = sourcecode.c.h; path = AccountManager.h; sourceTree = "<group>"; };
		836013F01C856C3F0090257C /* AccountManager.m */ = {isa = PBXFileReference; fileEncoding = 4; lastKnownFileType = sourcecode.c.objc; path = AccountManager.m; sourceTree = "<group>"; };
		836013F11C856C3F0090257C /* SharedDatabaseHelper.h */ = {isa = PBXFileReference; fileEncoding = 4; lastKnownFileType = sourcecode.c.h; path = SharedDatabaseHelper.h; sourceTree = "<group>"; };
		836013F21C856C3F0090257C /* SharedDatabaseHelper.m */ = {isa = PBXFileReference; fileEncoding = 4; lastKnownFileType = sourcecode.c.objc; path = SharedDatabaseHelper.m; sourceTree = "<group>"; };
		836013F71C856D5C0090257C /* User.h */ = {isa = PBXFileReference; fileEncoding = 4; lastKnownFileType = sourcecode.c.h; path = User.h; sourceTree = "<group>"; };
		836013F81C856D5C0090257C /* User.m */ = {isa = PBXFileReference; fileEncoding = 4; lastKnownFileType = sourcecode.c.objc; path = User.m; sourceTree = "<group>"; };
		836013FA1C8571BD0090257C /* Mine_releaseTokenApi.h */ = {isa = PBXFileReference; fileEncoding = 4; lastKnownFileType = sourcecode.c.h; path = Mine_releaseTokenApi.h; sourceTree = "<group>"; };
		836013FB1C8571BD0090257C /* Mine_releaseTokenApi.m */ = {isa = PBXFileReference; fileEncoding = 4; lastKnownFileType = sourcecode.c.objc; path = Mine_releaseTokenApi.m; sourceTree = "<group>"; };
		836013FD1C8575370090257C /* Login_sendCodeApi.h */ = {isa = PBXFileReference; fileEncoding = 4; lastKnownFileType = sourcecode.c.h; path = Login_sendCodeApi.h; sourceTree = "<group>"; };
		836013FE1C8575370090257C /* Login_sendCodeApi.m */ = {isa = PBXFileReference; fileEncoding = 4; lastKnownFileType = sourcecode.c.objc; path = Login_sendCodeApi.m; sourceTree = "<group>"; };
		836014011C857EA70090257C /* VerifyTools.h */ = {isa = PBXFileReference; fileEncoding = 4; lastKnownFileType = sourcecode.c.h; path = VerifyTools.h; sourceTree = "<group>"; };
		836014021C857EA70090257C /* VerifyTools.m */ = {isa = PBXFileReference; fileEncoding = 4; lastKnownFileType = sourcecode.c.objc; path = VerifyTools.m; sourceTree = "<group>"; };
		836A64251C7BDFEB00219035 /* BaseNavigationController.h */ = {isa = PBXFileReference; fileEncoding = 4; lastKnownFileType = sourcecode.c.h; path = BaseNavigationController.h; sourceTree = "<group>"; };
		836A64261C7BDFEB00219035 /* BaseNavigationController.m */ = {isa = PBXFileReference; fileEncoding = 4; lastKnownFileType = sourcecode.c.objc; path = BaseNavigationController.m; sourceTree = "<group>"; };
		836A64271C7BDFEB00219035 /* BaseViewController.h */ = {isa = PBXFileReference; fileEncoding = 4; lastKnownFileType = sourcecode.c.h; path = BaseViewController.h; sourceTree = "<group>"; };
		836A64281C7BDFEB00219035 /* BaseViewController.m */ = {isa = PBXFileReference; fileEncoding = 4; lastKnownFileType = sourcecode.c.objc; path = BaseViewController.m; sourceTree = "<group>"; };
		836A642C1C7BE09E00219035 /* Config.h */ = {isa = PBXFileReference; fileEncoding = 4; lastKnownFileType = sourcecode.c.h; path = Config.h; sourceTree = "<group>"; };
		836A642D1C7BE09E00219035 /* Config.m */ = {isa = PBXFileReference; fileEncoding = 4; lastKnownFileType = sourcecode.c.objc; path = Config.m; sourceTree = "<group>"; };
		836A642E1C7BE09E00219035 /* UIConfig.h */ = {isa = PBXFileReference; fileEncoding = 4; lastKnownFileType = sourcecode.c.h; path = UIConfig.h; sourceTree = "<group>"; };
		836A64321C7BE22100219035 /* AESenAndDe.h */ = {isa = PBXFileReference; fileEncoding = 4; lastKnownFileType = sourcecode.c.h; path = AESenAndDe.h; sourceTree = "<group>"; };
		836A64331C7BE22100219035 /* AESenAndDe.m */ = {isa = PBXFileReference; fileEncoding = 4; lastKnownFileType = sourcecode.c.objc; path = AESenAndDe.m; sourceTree = "<group>"; };
		836A64341C7BE22100219035 /* FBEncryptorAES.h */ = {isa = PBXFileReference; fileEncoding = 4; lastKnownFileType = sourcecode.c.h; path = FBEncryptorAES.h; sourceTree = "<group>"; };
		836A64351C7BE22100219035 /* FBEncryptorAES.m */ = {isa = PBXFileReference; fileEncoding = 4; lastKnownFileType = sourcecode.c.objc; path = FBEncryptorAES.m; sourceTree = "<group>"; };
		836A64361C7BE22100219035 /* GTMBase64.h */ = {isa = PBXFileReference; fileEncoding = 4; lastKnownFileType = sourcecode.c.h; path = GTMBase64.h; sourceTree = "<group>"; };
		836A64371C7BE22100219035 /* GTMBase64.m */ = {isa = PBXFileReference; fileEncoding = 4; lastKnownFileType = sourcecode.c.objc; path = GTMBase64.m; sourceTree = "<group>"; };
		836A64381C7BE22100219035 /* GTMDefines.h */ = {isa = PBXFileReference; fileEncoding = 4; lastKnownFileType = sourcecode.c.h; path = GTMDefines.h; sourceTree = "<group>"; };
		836A643A1C7BE22100219035 /* MF_Base64Additions.h */ = {isa = PBXFileReference; fileEncoding = 4; lastKnownFileType = sourcecode.c.h; path = MF_Base64Additions.h; sourceTree = "<group>"; };
		836A643B1C7BE22100219035 /* MF_Base64Additions.m */ = {isa = PBXFileReference; fileEncoding = 4; lastKnownFileType = sourcecode.c.objc; path = MF_Base64Additions.m; sourceTree = "<group>"; };
		836A644D1C7BE22100219035 /* MBProgressHUD+Helper.h */ = {isa = PBXFileReference; fileEncoding = 4; lastKnownFileType = sourcecode.c.h; path = "MBProgressHUD+Helper.h"; sourceTree = "<group>"; };
		836A644E1C7BE22100219035 /* MBProgressHUD+Helper.m */ = {isa = PBXFileReference; fileEncoding = 4; lastKnownFileType = sourcecode.c.objc; path = "MBProgressHUD+Helper.m"; sourceTree = "<group>"; };
		836A644F1C7BE22100219035 /* TextView.h */ = {isa = PBXFileReference; fileEncoding = 4; lastKnownFileType = sourcecode.c.h; path = TextView.h; sourceTree = "<group>"; };
		836A64501C7BE22100219035 /* TextView.m */ = {isa = PBXFileReference; fileEncoding = 4; lastKnownFileType = sourcecode.c.objc; path = TextView.m; sourceTree = "<group>"; };
		836A64811C7BE30900219035 /* ConfigArgument.h */ = {isa = PBXFileReference; fileEncoding = 4; lastKnownFileType = sourcecode.c.h; path = ConfigArgument.h; sourceTree = "<group>"; };
		836A64821C7BE30900219035 /* ConfigArgument.m */ = {isa = PBXFileReference; fileEncoding = 4; lastKnownFileType = sourcecode.c.objc; path = ConfigArgument.m; sourceTree = "<group>"; };
		836A64831C7BE30900219035 /* ConfigYTKRequest.h */ = {isa = PBXFileReference; fileEncoding = 4; lastKnownFileType = sourcecode.c.h; path = ConfigYTKRequest.h; sourceTree = "<group>"; };
		836A64841C7BE30900219035 /* ConfigYTKRequest.m */ = {isa = PBXFileReference; fileEncoding = 4; lastKnownFileType = sourcecode.c.objc; path = ConfigYTKRequest.m; sourceTree = "<group>"; };
		836A64F21C7BE41700219035 /* RequestAccessory.h */ = {isa = PBXFileReference; fileEncoding = 4; lastKnownFileType = sourcecode.c.h; path = RequestAccessory.h; sourceTree = "<group>"; };
		836A64F31C7BE41700219035 /* RequestAccessory.m */ = {isa = PBXFileReference; fileEncoding = 4; lastKnownFileType = sourcecode.c.objc; path = RequestAccessory.m; sourceTree = "<group>"; };
		836A64F51C7BE53100219035 /* DaMiZhiTongChe-Prefix.pch */ = {isa = PBXFileReference; fileEncoding = 4; lastKnownFileType = sourcecode.c.h; path = "DaMiZhiTongChe-Prefix.pch"; sourceTree = "<group>"; };
		836C9DB91C7BF2C8000DA3C5 /* libz.tbd */ = {isa = PBXFileReference; lastKnownFileType = "sourcecode.text-based-dylib-definition"; name = libz.tbd; path = usr/lib/libz.tbd; sourceTree = SDKROOT; };
		836C9DBB1C7BF2D4000DA3C5 /* libsqlite3.tbd */ = {isa = PBXFileReference; lastKnownFileType = "sourcecode.text-based-dylib-definition"; name = libsqlite3.tbd; path = usr/lib/libsqlite3.tbd; sourceTree = SDKROOT; };
		836C9DBD1C7BF2DC000DA3C5 /* SystemConfiguration.framework */ = {isa = PBXFileReference; lastKnownFileType = wrapper.framework; name = SystemConfiguration.framework; path = System/Library/Frameworks/SystemConfiguration.framework; sourceTree = SDKROOT; };
		836C9DBF1C7BF2E5000DA3C5 /* CoreTelephony.framework */ = {isa = PBXFileReference; lastKnownFileType = wrapper.framework; name = CoreTelephony.framework; path = System/Library/Frameworks/CoreTelephony.framework; sourceTree = SDKROOT; };
		836C9DC11C7BF2EB000DA3C5 /* Security.framework */ = {isa = PBXFileReference; lastKnownFileType = wrapper.framework; name = Security.framework; path = System/Library/Frameworks/Security.framework; sourceTree = SDKROOT; };
		836C9DC61C7BF370000DA3C5 /* MTA Advanced Gamming Model Programming Guide.pdf */ = {isa = PBXFileReference; lastKnownFileType = image.pdf; path = "MTA Advanced Gamming Model Programming Guide.pdf"; sourceTree = "<group>"; };
		836C9DC71C7BF370000DA3C5 /* MTA Developing Guide.pdf */ = {isa = PBXFileReference; lastKnownFileType = image.pdf; path = "MTA Developing Guide.pdf"; sourceTree = "<group>"; };
		836C9DC81C7BF370000DA3C5 /* libmtasdk.a */ = {isa = PBXFileReference; lastKnownFileType = archive.ar; path = libmtasdk.a; sourceTree = "<group>"; };
		836C9DC91C7BF370000DA3C5 /* MTA.h */ = {isa = PBXFileReference; fileEncoding = 4; lastKnownFileType = sourcecode.c.h; path = MTA.h; sourceTree = "<group>"; };
		836C9DCA1C7BF370000DA3C5 /* MTAConfig.h */ = {isa = PBXFileReference; fileEncoding = 4; lastKnownFileType = sourcecode.c.h; path = MTAConfig.h; sourceTree = "<group>"; };
		836C9DCB1C7BF370000DA3C5 /* MTAFeedback.h */ = {isa = PBXFileReference; fileEncoding = 4; lastKnownFileType = sourcecode.c.h; path = MTAFeedback.h; sourceTree = "<group>"; };
		836C9DCC1C7BF370000DA3C5 /* ReleaseNotes.txt */ = {isa = PBXFileReference; fileEncoding = 4; lastKnownFileType = text; path = ReleaseNotes.txt; sourceTree = "<group>"; };
		836C9DD21C7BF441000DA3C5 /* KSCrash.framework */ = {isa = PBXFileReference; lastKnownFileType = wrapper.framework; path = KSCrash.framework; sourceTree = "<group>"; };
		836C9DD41C7BF461000DA3C5 /* libc++.tbd */ = {isa = PBXFileReference; lastKnownFileType = "sourcecode.text-based-dylib-definition"; name = "libc++.tbd"; path = "usr/lib/libc++.tbd"; sourceTree = SDKROOT; };
		8377E8F11C8D05E200709E83 /* Main_GoodsCollectionViewController.h */ = {isa = PBXFileReference; fileEncoding = 4; lastKnownFileType = sourcecode.c.h; path = Main_GoodsCollectionViewController.h; sourceTree = "<group>"; };
		8377E8F21C8D05E200709E83 /* Main_GoodsCollectionViewController.m */ = {isa = PBXFileReference; fileEncoding = 4; lastKnownFileType = sourcecode.c.objc; path = Main_GoodsCollectionViewController.m; sourceTree = "<group>"; };
		8377E8F41C8D075100709E83 /* Main_GoodsCollectionViewCell.h */ = {isa = PBXFileReference; fileEncoding = 4; lastKnownFileType = sourcecode.c.h; path = Main_GoodsCollectionViewCell.h; sourceTree = "<group>"; };
		8377E8F51C8D075100709E83 /* Main_GoodsCollectionViewCell.m */ = {isa = PBXFileReference; fileEncoding = 4; lastKnownFileType = sourcecode.c.objc; path = Main_GoodsCollectionViewCell.m; sourceTree = "<group>"; };
		8377E8F71C8D2CA700709E83 /* Main_goodsListApi.h */ = {isa = PBXFileReference; fileEncoding = 4; lastKnownFileType = sourcecode.c.h; path = Main_goodsListApi.h; sourceTree = "<group>"; };
		8377E8F81C8D2CA700709E83 /* Main_goodsListApi.m */ = {isa = PBXFileReference; fileEncoding = 4; lastKnownFileType = sourcecode.c.objc; path = Main_goodsListApi.m; sourceTree = "<group>"; };
		8384AD6D1C83C61E001CCA0C /* SetPasswordViewController.h */ = {isa = PBXFileReference; fileEncoding = 4; lastKnownFileType = sourcecode.c.h; path = SetPasswordViewController.h; sourceTree = "<group>"; };
		8384AD6E1C83C61E001CCA0C /* SetPasswordViewController.m */ = {isa = PBXFileReference; fileEncoding = 4; lastKnownFileType = sourcecode.c.objc; path = SetPasswordViewController.m; sourceTree = "<group>"; };
		838575181C903D4500A26960 /* Main_GoodsCommentViewController.h */ = {isa = PBXFileReference; fileEncoding = 4; lastKnownFileType = sourcecode.c.h; path = Main_GoodsCommentViewController.h; sourceTree = "<group>"; };
		838575191C903D4500A26960 /* Main_GoodsCommentViewController.m */ = {isa = PBXFileReference; fileEncoding = 4; lastKnownFileType = sourcecode.c.objc; path = Main_GoodsCommentViewController.m; sourceTree = "<group>"; };
		838983FD1C8D5BDD00D0057C /* Main_getGoodsApi.h */ = {isa = PBXFileReference; fileEncoding = 4; lastKnownFileType = sourcecode.c.h; path = Main_getGoodsApi.h; sourceTree = "<group>"; };
		838983FE1C8D5BDD00D0057C /* Main_getGoodsApi.m */ = {isa = PBXFileReference; fileEncoding = 4; lastKnownFileType = sourcecode.c.objc; path = Main_getGoodsApi.m; sourceTree = "<group>"; };
		838984001C8D5DEC00D0057C /* Main_GoodsDetailViewController.h */ = {isa = PBXFileReference; fileEncoding = 4; lastKnownFileType = sourcecode.c.h; path = Main_GoodsDetailViewController.h; sourceTree = "<group>"; };
		838984011C8D5DEC00D0057C /* Main_GoodsDetailViewController.m */ = {isa = PBXFileReference; fileEncoding = 4; lastKnownFileType = sourcecode.c.objc; path = Main_GoodsDetailViewController.m; sourceTree = "<group>"; };
		838984031C8D663B00D0057C /* Main_GoodsDetail.h */ = {isa = PBXFileReference; fileEncoding = 4; lastKnownFileType = sourcecode.c.h; path = Main_GoodsDetail.h; sourceTree = "<group>"; };
		838984041C8D663B00D0057C /* Main_GoodsDetail.m */ = {isa = PBXFileReference; fileEncoding = 4; lastKnownFileType = sourcecode.c.objc; path = Main_GoodsDetail.m; sourceTree = "<group>"; };
		83A46F4B1C7D460300C17759 /* LoginViewController.h */ = {isa = PBXFileReference; fileEncoding = 4; lastKnownFileType = sourcecode.c.h; path = LoginViewController.h; sourceTree = "<group>"; };
		83A46F4C1C7D460300C17759 /* LoginViewController.m */ = {isa = PBXFileReference; fileEncoding = 4; lastKnownFileType = sourcecode.c.objc; path = LoginViewController.m; sourceTree = "<group>"; };
		83A544F71C896CC90062FF0C /* Main_CategoryTableViewCell.h */ = {isa = PBXFileReference; fileEncoding = 4; lastKnownFileType = sourcecode.c.h; path = Main_CategoryTableViewCell.h; sourceTree = "<group>"; };
		83A544F81C896CC90062FF0C /* Main_CategoryTableViewCell.m */ = {isa = PBXFileReference; fileEncoding = 4; lastKnownFileType = sourcecode.c.objc; path = Main_CategoryTableViewCell.m; sourceTree = "<group>"; };
		83E0A2591C7AF3B4002E4954 /* DaMiZhiTongChe.app */ = {isa = PBXFileReference; explicitFileType = wrapper.application; includeInIndex = 0; path = DaMiZhiTongChe.app; sourceTree = BUILT_PRODUCTS_DIR; };
		83E0A25D1C7AF3B4002E4954 /* main.m */ = {isa = PBXFileReference; lastKnownFileType = sourcecode.c.objc; path = main.m; sourceTree = "<group>"; };
		83E0A2681C7AF3B4002E4954 /* Assets.xcassets */ = {isa = PBXFileReference; lastKnownFileType = folder.assetcatalog; path = Assets.xcassets; sourceTree = "<group>"; };
		83E0A26D1C7AF3B4002E4954 /* Info.plist */ = {isa = PBXFileReference; lastKnownFileType = text.plist.xml; path = Info.plist; sourceTree = "<group>"; };
		83E0A2721C7AF3B4002E4954 /* DaMiZhiTongCheTests.xctest */ = {isa = PBXFileReference; explicitFileType = wrapper.cfbundle; includeInIndex = 0; path = DaMiZhiTongCheTests.xctest; sourceTree = BUILT_PRODUCTS_DIR; };
		83E0A2761C7AF3B4002E4954 /* DaMiZhiTongCheTests.m */ = {isa = PBXFileReference; lastKnownFileType = sourcecode.c.objc; path = DaMiZhiTongCheTests.m; sourceTree = "<group>"; };
		83E0A2781C7AF3B4002E4954 /* Info.plist */ = {isa = PBXFileReference; lastKnownFileType = text.plist.xml; path = Info.plist; sourceTree = "<group>"; };
		83E0A27D1C7AF3B4002E4954 /* DaMiZhiTongCheUITests.xctest */ = {isa = PBXFileReference; explicitFileType = wrapper.cfbundle; includeInIndex = 0; path = DaMiZhiTongCheUITests.xctest; sourceTree = BUILT_PRODUCTS_DIR; };
		83E0A2811C7AF3B4002E4954 /* DaMiZhiTongCheUITests.m */ = {isa = PBXFileReference; lastKnownFileType = sourcecode.c.objc; path = DaMiZhiTongCheUITests.m; sourceTree = "<group>"; };
		83E0A2831C7AF3B4002E4954 /* Info.plist */ = {isa = PBXFileReference; lastKnownFileType = text.plist.xml; path = Info.plist; sourceTree = "<group>"; };
		83E0A2901C7AF5F8002E4954 /* AppDelegate.h */ = {isa = PBXFileReference; fileEncoding = 4; lastKnownFileType = sourcecode.c.h; path = AppDelegate.h; sourceTree = "<group>"; };
		83E0A2911C7AF5F8002E4954 /* AppDelegate.m */ = {isa = PBXFileReference; fileEncoding = 4; lastKnownFileType = sourcecode.c.objc; path = AppDelegate.m; sourceTree = "<group>"; };
		83FE91C01C90F61E0032654B /* CartSettlementViewController.h */ = {isa = PBXFileReference; fileEncoding = 4; lastKnownFileType = sourcecode.c.h; path = CartSettlementViewController.h; sourceTree = "<group>"; };
		83FE91C11C90F61E0032654B /* CartSettlementViewController.m */ = {isa = PBXFileReference; fileEncoding = 4; lastKnownFileType = sourcecode.c.objc; path = CartSettlementViewController.m; sourceTree = "<group>"; };
		83FE91C31C910BA90032654B /* Cart_SettlementTableViewCell.h */ = {isa = PBXFileReference; fileEncoding = 4; lastKnownFileType = sourcecode.c.h; path = Cart_SettlementTableViewCell.h; sourceTree = "<group>"; };
		83FE91C41C910BA90032654B /* Cart_SettlementTableViewCell.m */ = {isa = PBXFileReference; fileEncoding = 4; lastKnownFileType = sourcecode.c.objc; path = Cart_SettlementTableViewCell.m; sourceTree = "<group>"; };
		83FE91C61C91119E0032654B /* Cart_PaymentTableViewCell.h */ = {isa = PBXFileReference; fileEncoding = 4; lastKnownFileType = sourcecode.c.h; path = Cart_PaymentTableViewCell.h; sourceTree = "<group>"; };
		83FE91C71C91119E0032654B /* Cart_PaymentTableViewCell.m */ = {isa = PBXFileReference; fileEncoding = 4; lastKnownFileType = sourcecode.c.objc; path = Cart_PaymentTableViewCell.m; sourceTree = "<group>"; };
		83FE91C91C9118AE0032654B /* Cart_AddressTableViewCell.h */ = {isa = PBXFileReference; fileEncoding = 4; lastKnownFileType = sourcecode.c.h; path = Cart_AddressTableViewCell.h; sourceTree = "<group>"; };
		83FE91CA1C9118AE0032654B /* Cart_AddressTableViewCell.m */ = {isa = PBXFileReference; fileEncoding = 4; lastKnownFileType = sourcecode.c.objc; path = Cart_AddressTableViewCell.m; sourceTree = "<group>"; };
		83FE91CC1C9122880032654B /* CartAddressListViewController.h */ = {isa = PBXFileReference; fileEncoding = 4; lastKnownFileType = sourcecode.c.h; path = CartAddressListViewController.h; sourceTree = "<group>"; };
		83FE91CD1C9122880032654B /* CartAddressListViewController.m */ = {isa = PBXFileReference; fileEncoding = 4; lastKnownFileType = sourcecode.c.objc; path = CartAddressListViewController.m; sourceTree = "<group>"; };
		E3A9EB6C3077EF3167E81F88 /* libPods.a */ = {isa = PBXFileReference; explicitFileType = archive.ar; includeInIndex = 0; path = libPods.a; sourceTree = BUILT_PRODUCTS_DIR; };
/* End PBXFileReference section */

/* Begin PBXFrameworksBuildPhase section */
		83E0A2561C7AF3B4002E4954 /* Frameworks */ = {
			isa = PBXFrameworksBuildPhase;
			buildActionMask = 2147483647;
			files = (
				836C9DD51C7BF461000DA3C5 /* libc++.tbd in Frameworks */,
				836C9DC21C7BF2EB000DA3C5 /* Security.framework in Frameworks */,
				836C9DCF1C7BF370000DA3C5 /* libmtasdk.a in Frameworks */,
				836C9DC01C7BF2E5000DA3C5 /* CoreTelephony.framework in Frameworks */,
				836C9DBE1C7BF2DD000DA3C5 /* SystemConfiguration.framework in Frameworks */,
				836C9DD31C7BF441000DA3C5 /* KSCrash.framework in Frameworks */,
				836C9DBC1C7BF2D4000DA3C5 /* libsqlite3.tbd in Frameworks */,
				836C9DBA1C7BF2C8000DA3C5 /* libz.tbd in Frameworks */,
				D53058472E4618A3670C5603 /* libPods.a in Frameworks */,
			);
			runOnlyForDeploymentPostprocessing = 0;
		};
		83E0A26F1C7AF3B4002E4954 /* Frameworks */ = {
			isa = PBXFrameworksBuildPhase;
			buildActionMask = 2147483647;
			files = (
			);
			runOnlyForDeploymentPostprocessing = 0;
		};
		83E0A27A1C7AF3B4002E4954 /* Frameworks */ = {
			isa = PBXFrameworksBuildPhase;
			buildActionMask = 2147483647;
			files = (
			);
			runOnlyForDeploymentPostprocessing = 0;
		};
/* End PBXFrameworksBuildPhase section */

/* Begin PBXGroup section */
		8348A9EA1C881C1B00ED9EF5 /* Helper */ = {
			isa = PBXGroup;
			children = (
			);
			path = Helper;
			sourceTree = "<group>";
		};
		8348A9EB1C881C1B00ED9EF5 /* Model */ = {
			isa = PBXGroup;
			children = (
				8348AA021C881C9900ED9EF5 /* Main_Goods.h */,
				8348AA031C881C9900ED9EF5 /* Main_Goods.m */,
				838984031C8D663B00D0057C /* Main_GoodsDetail.h */,
				838984041C8D663B00D0057C /* Main_GoodsDetail.m */,
				8348AA051C881FD300ED9EF5 /* Main_Banner.h */,
				8348AA061C881FD300ED9EF5 /* Main_Banner.m */,
				8348AA081C88225300ED9EF5 /* Main_Topic.h */,
				8348AA091C88225300ED9EF5 /* Main_Topic.m */,
				8348AA0B1C88246800ED9EF5 /* Main_Category.h */,
				8348AA0C1C88246800ED9EF5 /* Main_Category.m */,
			);
			path = Model;
			sourceTree = "<group>";
		};
		8348A9EC1C881C1B00ED9EF5 /* Store */ = {
			isa = PBXGroup;
			children = (
			);
			path = Store;
			sourceTree = "<group>";
		};
		8348A9ED1C881C1B00ED9EF5 /* View */ = {
			isa = PBXGroup;
			children = (
				831C43401C8935DE00FDE244 /* Main_TopicCollectionViewCell.h */,
				831C43411C8935DE00FDE244 /* Main_TopicCollectionViewCell.m */,
				83A544F71C896CC90062FF0C /* Main_CategoryTableViewCell.h */,
				83A544F81C896CC90062FF0C /* Main_CategoryTableViewCell.m */,
				8377E8F41C8D075100709E83 /* Main_GoodsCollectionViewCell.h */,
				8377E8F51C8D075100709E83 /* Main_GoodsCollectionViewCell.m */,
			);
			path = View;
			sourceTree = "<group>";
		};
		8348A9EE1C881C1B00ED9EF5 /* ViewControler */ = {
			isa = PBXGroup;
			children = (
				8348A9EF1C881C1B00ED9EF5 /* MainViewController.h */,
				8348A9F01C881C1B00ED9EF5 /* MainViewController.m */,
				8377E8F11C8D05E200709E83 /* Main_GoodsCollectionViewController.h */,
				8377E8F21C8D05E200709E83 /* Main_GoodsCollectionViewController.m */,
				838984001C8D5DEC00D0057C /* Main_GoodsDetailViewController.h */,
				838984011C8D5DEC00D0057C /* Main_GoodsDetailViewController.m */,
				838575181C903D4500A26960 /* Main_GoodsCommentViewController.h */,
				838575191C903D4500A26960 /* Main_GoodsCommentViewController.m */,
			);
			path = ViewControler;
			sourceTree = "<group>";
		};
		8348A9F21C881C2700ED9EF5 /* Helper */ = {
			isa = PBXGroup;
			children = (
			);
			path = Helper;
			sourceTree = "<group>";
		};
		8348A9F31C881C2700ED9EF5 /* Model */ = {
			isa = PBXGroup;
			children = (
				830722D21C8FC21700475C41 /* Cart_goods.h */,
				830722D31C8FC21700475C41 /* Cart_goods.m */,
			);
			path = Model;
			sourceTree = "<group>";
		};
		8348A9F41C881C2700ED9EF5 /* Store */ = {
			isa = PBXGroup;
			children = (
			);
			path = Store;
			sourceTree = "<group>";
		};
		8348A9F51C881C2700ED9EF5 /* View */ = {
			isa = PBXGroup;
			children = (
				830722C91C8FAE0700475C41 /* Cart_GoodsTableViewCell.h */,
				830722CA1C8FAE0700475C41 /* Cart_GoodsTableViewCell.m */,
				83FE91C31C910BA90032654B /* Cart_SettlementTableViewCell.h */,
				83FE91C41C910BA90032654B /* Cart_SettlementTableViewCell.m */,
				83FE91C61C91119E0032654B /* Cart_PaymentTableViewCell.h */,
				83FE91C71C91119E0032654B /* Cart_PaymentTableViewCell.m */,
				83FE91C91C9118AE0032654B /* Cart_AddressTableViewCell.h */,
				83FE91CA1C9118AE0032654B /* Cart_AddressTableViewCell.m */,
			);
			path = View;
			sourceTree = "<group>";
		};
		8348A9F61C881C2700ED9EF5 /* ViewController */ = {
			isa = PBXGroup;
			children = (
				8348A9F71C881C2700ED9EF5 /* CartViewController.h */,
				8348A9F81C881C2700ED9EF5 /* CartViewController.m */,
				83FE91C01C90F61E0032654B /* CartSettlementViewController.h */,
				83FE91C11C90F61E0032654B /* CartSettlementViewController.m */,
				83FE91CC1C9122880032654B /* CartAddressListViewController.h */,
				83FE91CD1C9122880032654B /* CartAddressListViewController.m */,
			);
			path = ViewController;
			sourceTree = "<group>";
		};
		8348A9FA1C881C2E00ED9EF5 /* Helper */ = {
			isa = PBXGroup;
			children = (
			);
			path = Helper;
			sourceTree = "<group>";
		};
		8348A9FB1C881C2E00ED9EF5 /* Model */ = {
			isa = PBXGroup;
			children = (
			);
			path = Model;
			sourceTree = "<group>";
		};
		8348A9FC1C881C2E00ED9EF5 /* Store */ = {
			isa = PBXGroup;
			children = (
			);
			path = Store;
			sourceTree = "<group>";
		};
		8348A9FD1C881C2E00ED9EF5 /* View */ = {
			isa = PBXGroup;
			children = (
			);
			path = View;
			sourceTree = "<group>";
		};
		8348A9FE1C881C2E00ED9EF5 /* ViewController */ = {
			isa = PBXGroup;
			children = (
				8348A9FF1C881C2E00ED9EF5 /* MineViewController.h */,
				8348AA001C881C2E00ED9EF5 /* MineViewController.m */,
			);
			path = ViewController;
			sourceTree = "<group>";
		};
		836013F61C856D470090257C /* CurrentUser */ = {
			isa = PBXGroup;
			children = (
				836013F71C856D5C0090257C /* User.h */,
				836013F81C856D5C0090257C /* User.m */,
			);
			path = CurrentUser;
			sourceTree = "<group>";
		};
		836014001C857E1F0090257C /* Foundation */ = {
			isa = PBXGroup;
			children = (
				836014011C857EA70090257C /* VerifyTools.h */,
				836014021C857EA70090257C /* VerifyTools.m */,
			);
			path = Foundation;
			sourceTree = "<group>";
		};
		836A64241C7BDFEB00219035 /* BaseViewController */ = {
			isa = PBXGroup;
			children = (
				836A64271C7BDFEB00219035 /* BaseViewController.h */,
				836A64281C7BDFEB00219035 /* BaseViewController.m */,
				836A64251C7BDFEB00219035 /* BaseNavigationController.h */,
				836A64261C7BDFEB00219035 /* BaseNavigationController.m */,
			);
			path = BaseViewController;
			sourceTree = "<group>";
		};
		836A642B1C7BE09E00219035 /* Configration */ = {
			isa = PBXGroup;
			children = (
				836A642C1C7BE09E00219035 /* Config.h */,
				836A642D1C7BE09E00219035 /* Config.m */,
				836A642E1C7BE09E00219035 /* UIConfig.h */,
				836013ED1C856C3F0090257C /* AccountHelper.h */,
				836013EE1C856C3F0090257C /* AccountHelper.m */,
				836013EF1C856C3F0090257C /* AccountManager.h */,
				836013F01C856C3F0090257C /* AccountManager.m */,
				836013F11C856C3F0090257C /* SharedDatabaseHelper.h */,
				836013F21C856C3F0090257C /* SharedDatabaseHelper.m */,
				8348AA141C882E2100ED9EF5 /* DatabaseHelper.h */,
				8348AA151C882E2100ED9EF5 /* DatabaseHelper.m */,
			);
			path = Configration;
			sourceTree = "<group>";
		};
		836A64301C7BE22100219035 /* Toolkit */ = {
			isa = PBXGroup;
			children = (
				836A644C1C7BE22100219035 /* UIKit */,
				836014001C857E1F0090257C /* Foundation */,
				836A64311C7BE22100219035 /* AES&BASE64 */,
				836A64391C7BE22100219035 /* Base64 */,
			);
			path = Toolkit;
			sourceTree = "<group>";
		};
		836A64311C7BE22100219035 /* AES&BASE64 */ = {
			isa = PBXGroup;
			children = (
				836A64321C7BE22100219035 /* AESenAndDe.h */,
				836A64331C7BE22100219035 /* AESenAndDe.m */,
				836A64341C7BE22100219035 /* FBEncryptorAES.h */,
				836A64351C7BE22100219035 /* FBEncryptorAES.m */,
				836A64361C7BE22100219035 /* GTMBase64.h */,
				836A64371C7BE22100219035 /* GTMBase64.m */,
				836A64381C7BE22100219035 /* GTMDefines.h */,
			);
			path = "AES&BASE64";
			sourceTree = "<group>";
		};
		836A64391C7BE22100219035 /* Base64 */ = {
			isa = PBXGroup;
			children = (
				836A643A1C7BE22100219035 /* MF_Base64Additions.h */,
				836A643B1C7BE22100219035 /* MF_Base64Additions.m */,
			);
			path = Base64;
			sourceTree = "<group>";
		};
		836A644C1C7BE22100219035 /* UIKit */ = {
			isa = PBXGroup;
			children = (
				836A644D1C7BE22100219035 /* MBProgressHUD+Helper.h */,
				836A644E1C7BE22100219035 /* MBProgressHUD+Helper.m */,
				836A644F1C7BE22100219035 /* TextView.h */,
				836A64501C7BE22100219035 /* TextView.m */,
			);
			path = UIKit;
			sourceTree = "<group>";
		};
		836A645E1C7BE30900219035 /* API */ = {
			isa = PBXGroup;
			children = (
				836A64811C7BE30900219035 /* ConfigArgument.h */,
				836A64821C7BE30900219035 /* ConfigArgument.m */,
				836A64831C7BE30900219035 /* ConfigYTKRequest.h */,
				836A64841C7BE30900219035 /* ConfigYTKRequest.m */,
				836A64F21C7BE41700219035 /* RequestAccessory.h */,
				836A64F31C7BE41700219035 /* RequestAccessory.m */,
				836013EA1C8568870090257C /* Login_updateAnonymousTokenApi.h */,
				836013EB1C8568870090257C /* Login_updateAnonymousTokenApi.m */,
				836013FD1C8575370090257C /* Login_sendCodeApi.h */,
				836013FE1C8575370090257C /* Login_sendCodeApi.m */,
				836013FA1C8571BD0090257C /* Mine_releaseTokenApi.h */,
				836013FB1C8571BD0090257C /* Mine_releaseTokenApi.m */,
				8305D7F61C86B8A900F71645 /* Login_validateCodeApi.h */,
				8305D7F71C86B8A900F71645 /* Login_validateCodeApi.m */,
				8305D7F91C86C87E00F71645 /* Signup_registerApi.h */,
				8305D7FA1C86C87E00F71645 /* Signup_registerApi.m */,
				8305D7FC1C86C9A300F71645 /* Login_loginApi.h */,
				8305D7FD1C86C9A300F71645 /* Login_loginApi.m */,
				8305D7FF1C86CA5A00F71645 /* Login_resetPasswordApi.h */,
				8305D8001C86CA5A00F71645 /* Login_resetPasswordApi.m */,
				8348AA0E1C882A6F00ED9EF5 /* Main_homeApi.h */,
				8348AA0F1C882A6F00ED9EF5 /* Main_homeApi.m */,
				8377E8F71C8D2CA700709E83 /* Main_goodsListApi.h */,
				8377E8F81C8D2CA700709E83 /* Main_goodsListApi.m */,
				838983FD1C8D5BDD00D0057C /* Main_getGoodsApi.h */,
				838983FE1C8D5BDD00D0057C /* Main_getGoodsApi.m */,
				830722CC1C8FBCAE00475C41 /* Cart_addApi.h */,
				830722CD1C8FBCAE00475C41 /* Cart_addApi.m */,
				830722CF1C8FC00300475C41 /* Cart_getListApi.h */,
				830722D01C8FC00300475C41 /* Cart_getListApi.m */,
				830722D51C8FD27000475C41 /* Cart_deleteApi.h */,
				830722D61C8FD27100475C41 /* Cart_deleteApi.m */,
			);
			path = API;
			sourceTree = "<group>";
		};
		836C9DA61C7BEADF000DA3C5 /* Mian */ = {
			isa = PBXGroup;
			children = (
				8348A9EA1C881C1B00ED9EF5 /* Helper */,
				8348A9EB1C881C1B00ED9EF5 /* Model */,
				8348A9EC1C881C1B00ED9EF5 /* Store */,
				8348A9ED1C881C1B00ED9EF5 /* View */,
				8348A9EE1C881C1B00ED9EF5 /* ViewControler */,
			);
			path = Mian;
			sourceTree = "<group>";
		};
		836C9DA71C7BEADF000DA3C5 /* Mine */ = {
			isa = PBXGroup;
			children = (
				8348A9FA1C881C2E00ED9EF5 /* Helper */,
				8348A9FB1C881C2E00ED9EF5 /* Model */,
				8348A9FC1C881C2E00ED9EF5 /* Store */,
				8348A9FD1C881C2E00ED9EF5 /* View */,
				8348A9FE1C881C2E00ED9EF5 /* ViewController */,
			);
			path = Mine;
			sourceTree = "<group>";
		};
		836C9DB21C7BEF95000DA3C5 /* Cart */ = {
			isa = PBXGroup;
			children = (
				8348A9F21C881C2700ED9EF5 /* Helper */,
				8348A9F31C881C2700ED9EF5 /* Model */,
				8348A9F41C881C2700ED9EF5 /* Store */,
				8348A9F51C881C2700ED9EF5 /* View */,
				8348A9F61C881C2700ED9EF5 /* ViewController */,
			);
			path = Cart;
			sourceTree = "<group>";
		};
		836C9DC31C7BF370000DA3C5 /* ThirdPart */ = {
			isa = PBXGroup;
			children = (
				836C9DD11C7BF441000DA3C5 /* KSCrash */,
				836C9DC41C7BF370000DA3C5 /* mta-ios-stats-sdk-1.4.10 */,
			);
			path = ThirdPart;
			sourceTree = "<group>";
		};
		836C9DC41C7BF370000DA3C5 /* mta-ios-stats-sdk-1.4.10 */ = {
			isa = PBXGroup;
			children = (
				836C9DC51C7BF370000DA3C5 /* doc */,
				836C9DC81C7BF370000DA3C5 /* libmtasdk.a */,
				836C9DC91C7BF370000DA3C5 /* MTA.h */,
				836C9DCA1C7BF370000DA3C5 /* MTAConfig.h */,
				836C9DCB1C7BF370000DA3C5 /* MTAFeedback.h */,
				836C9DCC1C7BF370000DA3C5 /* ReleaseNotes.txt */,
			);
			path = "mta-ios-stats-sdk-1.4.10";
			sourceTree = "<group>";
		};
		836C9DC51C7BF370000DA3C5 /* doc */ = {
			isa = PBXGroup;
			children = (
				836C9DC61C7BF370000DA3C5 /* MTA Advanced Gamming Model Programming Guide.pdf */,
				836C9DC71C7BF370000DA3C5 /* MTA Developing Guide.pdf */,
			);
			path = doc;
			sourceTree = "<group>";
		};
		836C9DD11C7BF441000DA3C5 /* KSCrash */ = {
			isa = PBXGroup;
			children = (
				836C9DD21C7BF441000DA3C5 /* KSCrash.framework */,
			);
			path = KSCrash;
			sourceTree = "<group>";
		};
		83A46F4A1C7D45ED00C17759 /* OtherViewController */ = {
			isa = PBXGroup;
			children = (
				83A46F4B1C7D460300C17759 /* LoginViewController.h */,
				83A46F4C1C7D460300C17759 /* LoginViewController.m */,
				83548E751C83D84C00A2252F /* ForgetPasswordViewController.h */,
				83548E761C83D84C00A2252F /* ForgetPasswordViewController.m */,
				8384AD6D1C83C61E001CCA0C /* SetPasswordViewController.h */,
				8384AD6E1C83C61E001CCA0C /* SetPasswordViewController.m */,
			);
			path = OtherViewController;
			sourceTree = "<group>";
		};
		83E0A2501C7AF3B4002E4954 = {
			isa = PBXGroup;
			children = (
				83E0A25B1C7AF3B4002E4954 /* DaMiZhiTongChe */,
				83E0A2751C7AF3B4002E4954 /* DaMiZhiTongCheTests */,
				83E0A2801C7AF3B4002E4954 /* DaMiZhiTongCheUITests */,
				83E0A25A1C7AF3B4002E4954 /* Products */,
				B621E68B4C47891815BDA5FA /* Pods */,
				AC9911BDA7859F9ED1675531 /* Frameworks */,
			);
			sourceTree = "<group>";
		};
		83E0A25A1C7AF3B4002E4954 /* Products */ = {
			isa = PBXGroup;
			children = (
				83E0A2591C7AF3B4002E4954 /* DaMiZhiTongChe.app */,
				83E0A2721C7AF3B4002E4954 /* DaMiZhiTongCheTests.xctest */,
				83E0A27D1C7AF3B4002E4954 /* DaMiZhiTongCheUITests.xctest */,
			);
			name = Products;
			sourceTree = "<group>";
		};
		83E0A25B1C7AF3B4002E4954 /* DaMiZhiTongChe */ = {
			isa = PBXGroup;
			children = (
				836A645E1C7BE30900219035 /* API */,
				83E0A28F1C7AF5F8002E4954 /* AppDelegate */,
				836A64241C7BDFEB00219035 /* BaseViewController */,
				836A642B1C7BE09E00219035 /* Configration */,
				836A64301C7BE22100219035 /* Toolkit */,
				836C9DC31C7BF370000DA3C5 /* ThirdPart */,
				836013F61C856D470090257C /* CurrentUser */,
				83A46F4A1C7D45ED00C17759 /* OtherViewController */,
				836C9DA61C7BEADF000DA3C5 /* Mian */,
				836C9DB21C7BEF95000DA3C5 /* Cart */,
				836C9DA71C7BEADF000DA3C5 /* Mine */,
				83E0A2681C7AF3B4002E4954 /* Assets.xcassets */,
				83E0A25C1C7AF3B4002E4954 /* Supporting Files */,
			);
			path = DaMiZhiTongChe;
			sourceTree = "<group>";
		};
		83E0A25C1C7AF3B4002E4954 /* Supporting Files */ = {
			isa = PBXGroup;
			children = (
				83E0A26D1C7AF3B4002E4954 /* Info.plist */,
				83E0A25D1C7AF3B4002E4954 /* main.m */,
				836A64F51C7BE53100219035 /* DaMiZhiTongChe-Prefix.pch */,
			);
			name = "Supporting Files";
			sourceTree = "<group>";
		};
		83E0A2751C7AF3B4002E4954 /* DaMiZhiTongCheTests */ = {
			isa = PBXGroup;
			children = (
				83E0A2761C7AF3B4002E4954 /* DaMiZhiTongCheTests.m */,
				83E0A2781C7AF3B4002E4954 /* Info.plist */,
			);
			path = DaMiZhiTongCheTests;
			sourceTree = "<group>";
		};
		83E0A2801C7AF3B4002E4954 /* DaMiZhiTongCheUITests */ = {
			isa = PBXGroup;
			children = (
				83E0A2811C7AF3B4002E4954 /* DaMiZhiTongCheUITests.m */,
				83E0A2831C7AF3B4002E4954 /* Info.plist */,
			);
			path = DaMiZhiTongCheUITests;
			sourceTree = "<group>";
		};
		83E0A28F1C7AF5F8002E4954 /* AppDelegate */ = {
			isa = PBXGroup;
			children = (
				83E0A2901C7AF5F8002E4954 /* AppDelegate.h */,
				83E0A2911C7AF5F8002E4954 /* AppDelegate.m */,
			);
			path = AppDelegate;
			sourceTree = "<group>";
		};
		AC9911BDA7859F9ED1675531 /* Frameworks */ = {
			isa = PBXGroup;
			children = (
				836C9DD41C7BF461000DA3C5 /* libc++.tbd */,
				836C9DC11C7BF2EB000DA3C5 /* Security.framework */,
				836C9DBF1C7BF2E5000DA3C5 /* CoreTelephony.framework */,
				836C9DBD1C7BF2DC000DA3C5 /* SystemConfiguration.framework */,
				836C9DBB1C7BF2D4000DA3C5 /* libsqlite3.tbd */,
				836C9DB91C7BF2C8000DA3C5 /* libz.tbd */,
				E3A9EB6C3077EF3167E81F88 /* libPods.a */,
			);
			name = Frameworks;
			sourceTree = "<group>";
		};
		B621E68B4C47891815BDA5FA /* Pods */ = {
			isa = PBXGroup;
			children = (
				0FE7ABB510C854B55E126402 /* Pods.debug.xcconfig */,
				50FFD4F0D120AD746C8EA22F /* Pods.release.xcconfig */,
			);
			name = Pods;
			sourceTree = "<group>";
		};
/* End PBXGroup section */

/* Begin PBXNativeTarget section */
		83E0A2581C7AF3B4002E4954 /* DaMiZhiTongChe */ = {
			isa = PBXNativeTarget;
			buildConfigurationList = 83E0A2861C7AF3B4002E4954 /* Build configuration list for PBXNativeTarget "DaMiZhiTongChe" */;
			buildPhases = (
				4595C7BBC7879DA09E22ADC9 /* Check Pods Manifest.lock */,
				83E0A2551C7AF3B4002E4954 /* Sources */,
				83E0A2561C7AF3B4002E4954 /* Frameworks */,
				83E0A2571C7AF3B4002E4954 /* Resources */,
				86B7AC17C31ED7E39ABD1F1D /* Embed Pods Frameworks */,
				68191C64248DC49263548658 /* Copy Pods Resources */,
			);
			buildRules = (
			);
			dependencies = (
			);
			name = DaMiZhiTongChe;
			productName = DaMiZhiTongChe;
			productReference = 83E0A2591C7AF3B4002E4954 /* DaMiZhiTongChe.app */;
			productType = "com.apple.product-type.application";
		};
		83E0A2711C7AF3B4002E4954 /* DaMiZhiTongCheTests */ = {
			isa = PBXNativeTarget;
			buildConfigurationList = 83E0A2891C7AF3B4002E4954 /* Build configuration list for PBXNativeTarget "DaMiZhiTongCheTests" */;
			buildPhases = (
				83E0A26E1C7AF3B4002E4954 /* Sources */,
				83E0A26F1C7AF3B4002E4954 /* Frameworks */,
				83E0A2701C7AF3B4002E4954 /* Resources */,
			);
			buildRules = (
			);
			dependencies = (
				83E0A2741C7AF3B4002E4954 /* PBXTargetDependency */,
			);
			name = DaMiZhiTongCheTests;
			productName = DaMiZhiTongCheTests;
			productReference = 83E0A2721C7AF3B4002E4954 /* DaMiZhiTongCheTests.xctest */;
			productType = "com.apple.product-type.bundle.unit-test";
		};
		83E0A27C1C7AF3B4002E4954 /* DaMiZhiTongCheUITests */ = {
			isa = PBXNativeTarget;
			buildConfigurationList = 83E0A28C1C7AF3B4002E4954 /* Build configuration list for PBXNativeTarget "DaMiZhiTongCheUITests" */;
			buildPhases = (
				83E0A2791C7AF3B4002E4954 /* Sources */,
				83E0A27A1C7AF3B4002E4954 /* Frameworks */,
				83E0A27B1C7AF3B4002E4954 /* Resources */,
			);
			buildRules = (
			);
			dependencies = (
				83E0A27F1C7AF3B4002E4954 /* PBXTargetDependency */,
			);
			name = DaMiZhiTongCheUITests;
			productName = DaMiZhiTongCheUITests;
			productReference = 83E0A27D1C7AF3B4002E4954 /* DaMiZhiTongCheUITests.xctest */;
			productType = "com.apple.product-type.bundle.ui-testing";
		};
/* End PBXNativeTarget section */

/* Begin PBXProject section */
		83E0A2511C7AF3B4002E4954 /* Project object */ = {
			isa = PBXProject;
			attributes = {
				LastUpgradeCheck = 0730;
				ORGANIZATIONNAME = "哈尔滨龙卫中新工贸有限责任公司";
				TargetAttributes = {
					83E0A2581C7AF3B4002E4954 = {
						CreatedOnToolsVersion = 7.3;
						DevelopmentTeam = CBM334KPUX;
					};
					83E0A2711C7AF3B4002E4954 = {
						CreatedOnToolsVersion = 7.3;
						TestTargetID = 83E0A2581C7AF3B4002E4954;
					};
					83E0A27C1C7AF3B4002E4954 = {
						CreatedOnToolsVersion = 7.3;
						TestTargetID = 83E0A2581C7AF3B4002E4954;
					};
				};
			};
			buildConfigurationList = 83E0A2541C7AF3B4002E4954 /* Build configuration list for PBXProject "DaMiZhiTongChe" */;
			compatibilityVersion = "Xcode 3.2";
			developmentRegion = English;
			hasScannedForEncodings = 0;
			knownRegions = (
				en,
				Base,
			);
			mainGroup = 83E0A2501C7AF3B4002E4954;
			productRefGroup = 83E0A25A1C7AF3B4002E4954 /* Products */;
			projectDirPath = "";
			projectRoot = "";
			targets = (
				83E0A2581C7AF3B4002E4954 /* DaMiZhiTongChe */,
				83E0A2711C7AF3B4002E4954 /* DaMiZhiTongCheTests */,
				83E0A27C1C7AF3B4002E4954 /* DaMiZhiTongCheUITests */,
			);
		};
/* End PBXProject section */

/* Begin PBXResourcesBuildPhase section */
		83E0A2571C7AF3B4002E4954 /* Resources */ = {
			isa = PBXResourcesBuildPhase;
			buildActionMask = 2147483647;
			files = (
				836C9DD01C7BF370000DA3C5 /* ReleaseNotes.txt in Resources */,
				836C9DCD1C7BF370000DA3C5 /* MTA Advanced Gamming Model Programming Guide.pdf in Resources */,
				83E0A2691C7AF3B4002E4954 /* Assets.xcassets in Resources */,
				836C9DCE1C7BF370000DA3C5 /* MTA Developing Guide.pdf in Resources */,
			);
			runOnlyForDeploymentPostprocessing = 0;
		};
		83E0A2701C7AF3B4002E4954 /* Resources */ = {
			isa = PBXResourcesBuildPhase;
			buildActionMask = 2147483647;
			files = (
			);
			runOnlyForDeploymentPostprocessing = 0;
		};
		83E0A27B1C7AF3B4002E4954 /* Resources */ = {
			isa = PBXResourcesBuildPhase;
			buildActionMask = 2147483647;
			files = (
			);
			runOnlyForDeploymentPostprocessing = 0;
		};
/* End PBXResourcesBuildPhase section */

/* Begin PBXShellScriptBuildPhase section */
		4595C7BBC7879DA09E22ADC9 /* Check Pods Manifest.lock */ = {
			isa = PBXShellScriptBuildPhase;
			buildActionMask = 2147483647;
			files = (
			);
			inputPaths = (
			);
			name = "Check Pods Manifest.lock";
			outputPaths = (
			);
			runOnlyForDeploymentPostprocessing = 0;
			shellPath = /bin/sh;
			shellScript = "diff \"${PODS_ROOT}/../Podfile.lock\" \"${PODS_ROOT}/Manifest.lock\" > /dev/null\nif [[ $? != 0 ]] ; then\n    cat << EOM\nerror: The sandbox is not in sync with the Podfile.lock. Run 'pod install' or update your CocoaPods installation.\nEOM\n    exit 1\nfi\n";
			showEnvVarsInLog = 0;
		};
		68191C64248DC49263548658 /* Copy Pods Resources */ = {
			isa = PBXShellScriptBuildPhase;
			buildActionMask = 2147483647;
			files = (
			);
			inputPaths = (
			);
			name = "Copy Pods Resources";
			outputPaths = (
			);
			runOnlyForDeploymentPostprocessing = 0;
			shellPath = /bin/sh;
			shellScript = "\"${SRCROOT}/Pods/Target Support Files/Pods/Pods-resources.sh\"\n";
			showEnvVarsInLog = 0;
		};
		86B7AC17C31ED7E39ABD1F1D /* Embed Pods Frameworks */ = {
			isa = PBXShellScriptBuildPhase;
			buildActionMask = 2147483647;
			files = (
			);
			inputPaths = (
			);
			name = "Embed Pods Frameworks";
			outputPaths = (
			);
			runOnlyForDeploymentPostprocessing = 0;
			shellPath = /bin/sh;
			shellScript = "\"${SRCROOT}/Pods/Target Support Files/Pods/Pods-frameworks.sh\"\n";
			showEnvVarsInLog = 0;
		};
/* End PBXShellScriptBuildPhase section */

/* Begin PBXSourcesBuildPhase section */
		83E0A2551C7AF3B4002E4954 /* Sources */ = {
			isa = PBXSourcesBuildPhase;
			buildActionMask = 2147483647;
			files = (
				836013F91C856D5C0090257C /* User.m in Sources */,
				836A642F1C7BE09E00219035 /* Config.m in Sources */,
				838984051C8D663B00D0057C /* Main_GoodsDetail.m in Sources */,
				8348AA041C881C9900ED9EF5 /* Main_Goods.m in Sources */,
				8348AA161C882E2100ED9EF5 /* DatabaseHelper.m in Sources */,
				83E0A2921C7AF5F8002E4954 /* AppDelegate.m in Sources */,
				8385751A1C903D4500A26960 /* Main_GoodsCommentViewController.m in Sources */,
				830722CB1C8FAE0700475C41 /* Cart_GoodsTableViewCell.m in Sources */,
				83548E771C83D84C00A2252F /* ForgetPasswordViewController.m in Sources */,
				836A642A1C7BDFEB00219035 /* BaseViewController.m in Sources */,
				836013FC1C8571BD0090257C /* Mine_releaseTokenApi.m in Sources */,
				8384AD6F1C83C61E001CCA0C /* SetPasswordViewController.m in Sources */,
				83FE91C51C910BA90032654B /* Cart_SettlementTableViewCell.m in Sources */,
				8305D7FB1C86C87E00F71645 /* Signup_registerApi.m in Sources */,
				83FE91C21C90F61E0032654B /* CartSettlementViewController.m in Sources */,
				836013F51C856C3F0090257C /* SharedDatabaseHelper.m in Sources */,
				83FE91CB1C9118AE0032654B /* Cart_AddressTableViewCell.m in Sources */,
				831C43421C8935DE00FDE244 /* Main_TopicCollectionViewCell.m in Sources */,
				836A64531C7BE22100219035 /* GTMBase64.m in Sources */,
				836A645C1C7BE22100219035 /* MBProgressHUD+Helper.m in Sources */,
				836A64D31C7BE30900219035 /* ConfigYTKRequest.m in Sources */,
				836A64D21C7BE30900219035 /* ConfigArgument.m in Sources */,
				8348AA101C882A6F00ED9EF5 /* Main_homeApi.m in Sources */,
				8348A9F11C881C1B00ED9EF5 /* MainViewController.m in Sources */,
				830722D71C8FD27100475C41 /* Cart_deleteApi.m in Sources */,
				836013F41C856C3F0090257C /* AccountManager.m in Sources */,
				836A64511C7BE22100219035 /* AESenAndDe.m in Sources */,
				836013F31C856C3F0090257C /* AccountHelper.m in Sources */,
				83E0A25E1C7AF3B4002E4954 /* main.m in Sources */,
				8348AA0A1C88225300ED9EF5 /* Main_Topic.m in Sources */,
				8305D7F81C86B8A900F71645 /* Login_validateCodeApi.m in Sources */,
				838984021C8D5DEC00D0057C /* Main_GoodsDetailViewController.m in Sources */,
				836A645D1C7BE22100219035 /* TextView.m in Sources */,
				836A64291C7BDFEB00219035 /* BaseNavigationController.m in Sources */,
				83FE91C81C91119E0032654B /* Cart_PaymentTableViewCell.m in Sources */,
				836013EC1C8568870090257C /* Login_updateAnonymousTokenApi.m in Sources */,
				8377E8F91C8D2CA700709E83 /* Main_goodsListApi.m in Sources */,
				8348AA0D1C88246800ED9EF5 /* Main_Category.m in Sources */,
				8377E8F31C8D05E200709E83 /* Main_GoodsCollectionViewController.m in Sources */,
				8305D7FE1C86C9A300F71645 /* Login_loginApi.m in Sources */,
				83A544F91C896CC90062FF0C /* Main_CategoryTableViewCell.m in Sources */,
				8348AA011C881C2E00ED9EF5 /* MineViewController.m in Sources */,
				83FE91CE1C9122880032654B /* CartAddressListViewController.m in Sources */,
				830722CE1C8FBCAE00475C41 /* Cart_addApi.m in Sources */,
				830722D11C8FC00300475C41 /* Cart_getListApi.m in Sources */,
				836A64521C7BE22100219035 /* FBEncryptorAES.m in Sources */,
				8348A9F91C881C2700ED9EF5 /* CartViewController.m in Sources */,
				838983FF1C8D5BDD00D0057C /* Main_getGoodsApi.m in Sources */,
				836014031C857EA70090257C /* VerifyTools.m in Sources */,
				8348AA071C881FD300ED9EF5 /* Main_Banner.m in Sources */,
				83A46F4D1C7D460300C17759 /* LoginViewController.m in Sources */,
				830722D41C8FC21700475C41 /* Cart_goods.m in Sources */,
				8305D8011C86CA5A00F71645 /* Login_resetPasswordApi.m in Sources */,
				8377E8F61C8D075100709E83 /* Main_GoodsCollectionViewCell.m in Sources */,
				836A64F41C7BE41700219035 /* RequestAccessory.m in Sources */,
				836013FF1C8575370090257C /* Login_sendCodeApi.m in Sources */,
				836A64541C7BE22100219035 /* MF_Base64Additions.m in Sources */,
			);
			runOnlyForDeploymentPostprocessing = 0;
		};
		83E0A26E1C7AF3B4002E4954 /* Sources */ = {
			isa = PBXSourcesBuildPhase;
			buildActionMask = 2147483647;
			files = (
				83E0A2771C7AF3B4002E4954 /* DaMiZhiTongCheTests.m in Sources */,
			);
			runOnlyForDeploymentPostprocessing = 0;
		};
		83E0A2791C7AF3B4002E4954 /* Sources */ = {
			isa = PBXSourcesBuildPhase;
			buildActionMask = 2147483647;
			files = (
				83E0A2821C7AF3B4002E4954 /* DaMiZhiTongCheUITests.m in Sources */,
			);
			runOnlyForDeploymentPostprocessing = 0;
		};
/* End PBXSourcesBuildPhase section */

/* Begin PBXTargetDependency section */
		83E0A2741C7AF3B4002E4954 /* PBXTargetDependency */ = {
			isa = PBXTargetDependency;
			target = 83E0A2581C7AF3B4002E4954 /* DaMiZhiTongChe */;
			targetProxy = 83E0A2731C7AF3B4002E4954 /* PBXContainerItemProxy */;
		};
		83E0A27F1C7AF3B4002E4954 /* PBXTargetDependency */ = {
			isa = PBXTargetDependency;
			target = 83E0A2581C7AF3B4002E4954 /* DaMiZhiTongChe */;
			targetProxy = 83E0A27E1C7AF3B4002E4954 /* PBXContainerItemProxy */;
		};
/* End PBXTargetDependency section */

/* Begin XCBuildConfiguration section */
		83E0A2841C7AF3B4002E4954 /* Debug */ = {
			isa = XCBuildConfiguration;
			buildSettings = {
				ALWAYS_SEARCH_USER_PATHS = NO;
				CLANG_CXX_LANGUAGE_STANDARD = "gnu++0x";
				CLANG_CXX_LIBRARY = "libc++";
				CLANG_ENABLE_MODULES = YES;
				CLANG_ENABLE_OBJC_ARC = YES;
				CLANG_WARN_BOOL_CONVERSION = YES;
				CLANG_WARN_CONSTANT_CONVERSION = YES;
				CLANG_WARN_DIRECT_OBJC_ISA_USAGE = YES_ERROR;
				CLANG_WARN_EMPTY_BODY = YES;
				CLANG_WARN_ENUM_CONVERSION = YES;
				CLANG_WARN_INT_CONVERSION = YES;
				CLANG_WARN_OBJC_ROOT_CLASS = YES_ERROR;
				CLANG_WARN_UNREACHABLE_CODE = YES;
				CLANG_WARN__DUPLICATE_METHOD_MATCH = YES;
				"CODE_SIGN_IDENTITY[sdk=iphoneos*]" = "iPhone Developer";
				COPY_PHASE_STRIP = NO;
				DEBUG_INFORMATION_FORMAT = dwarf;
				ENABLE_STRICT_OBJC_MSGSEND = YES;
				ENABLE_TESTABILITY = YES;
				GCC_C_LANGUAGE_STANDARD = gnu99;
				GCC_DYNAMIC_NO_PIC = NO;
				GCC_NO_COMMON_BLOCKS = YES;
				GCC_OPTIMIZATION_LEVEL = 0;
				GCC_PREPROCESSOR_DEFINITIONS = (
					"DEBUG=1",
					"$(inherited)",
				);
				GCC_WARN_64_TO_32_BIT_CONVERSION = YES;
				GCC_WARN_ABOUT_RETURN_TYPE = YES_ERROR;
				GCC_WARN_UNDECLARED_SELECTOR = YES;
				GCC_WARN_UNINITIALIZED_AUTOS = YES_AGGRESSIVE;
				GCC_WARN_UNUSED_FUNCTION = YES;
				GCC_WARN_UNUSED_VARIABLE = YES;
				IPHONEOS_DEPLOYMENT_TARGET = 9.3;
				MTL_ENABLE_DEBUG_INFO = YES;
				ONLY_ACTIVE_ARCH = YES;
				SDKROOT = iphoneos;
			};
			name = Debug;
		};
		83E0A2851C7AF3B4002E4954 /* Release */ = {
			isa = XCBuildConfiguration;
			buildSettings = {
				ALWAYS_SEARCH_USER_PATHS = NO;
				CLANG_CXX_LANGUAGE_STANDARD = "gnu++0x";
				CLANG_CXX_LIBRARY = "libc++";
				CLANG_ENABLE_MODULES = YES;
				CLANG_ENABLE_OBJC_ARC = YES;
				CLANG_WARN_BOOL_CONVERSION = YES;
				CLANG_WARN_CONSTANT_CONVERSION = YES;
				CLANG_WARN_DIRECT_OBJC_ISA_USAGE = YES_ERROR;
				CLANG_WARN_EMPTY_BODY = YES;
				CLANG_WARN_ENUM_CONVERSION = YES;
				CLANG_WARN_INT_CONVERSION = YES;
				CLANG_WARN_OBJC_ROOT_CLASS = YES_ERROR;
				CLANG_WARN_UNREACHABLE_CODE = YES;
				CLANG_WARN__DUPLICATE_METHOD_MATCH = YES;
				"CODE_SIGN_IDENTITY[sdk=iphoneos*]" = "iPhone Developer";
				COPY_PHASE_STRIP = NO;
				DEBUG_INFORMATION_FORMAT = "dwarf-with-dsym";
				ENABLE_NS_ASSERTIONS = NO;
				ENABLE_STRICT_OBJC_MSGSEND = YES;
				GCC_C_LANGUAGE_STANDARD = gnu99;
				GCC_NO_COMMON_BLOCKS = YES;
				GCC_WARN_64_TO_32_BIT_CONVERSION = YES;
				GCC_WARN_ABOUT_RETURN_TYPE = YES_ERROR;
				GCC_WARN_UNDECLARED_SELECTOR = YES;
				GCC_WARN_UNINITIALIZED_AUTOS = YES_AGGRESSIVE;
				GCC_WARN_UNUSED_FUNCTION = YES;
				GCC_WARN_UNUSED_VARIABLE = YES;
				IPHONEOS_DEPLOYMENT_TARGET = 9.3;
				MTL_ENABLE_DEBUG_INFO = NO;
				SDKROOT = iphoneos;
				VALIDATE_PRODUCT = YES;
			};
			name = Release;
		};
		83E0A2871C7AF3B4002E4954 /* Debug */ = {
			isa = XCBuildConfiguration;
			baseConfigurationReference = 0FE7ABB510C854B55E126402 /* Pods.debug.xcconfig */;
			buildSettings = {
				ASSETCATALOG_COMPILER_APPICON_NAME = AppIcon;
				ASSETCATALOG_COMPILER_LAUNCHIMAGE_NAME = LaunchImage;
				CODE_SIGN_IDENTITY = "iPhone Developer";
				"CODE_SIGN_IDENTITY[sdk=iphoneos*]" = "iPhone Developer: Xiaodong Jiang (4YYM4WTHBS)";
				ENABLE_BITCODE = NO;
				FRAMEWORK_SEARCH_PATHS = (
					"$(inherited)",
					"$(PROJECT_DIR)/DaMiZhiTongChe/ThirdPart/KSCrash",
				);
				GCC_PRECOMPILE_PREFIX_HEADER = YES;
				GCC_PREFIX_HEADER = "$(SRCROOT)/DaMiZhiTongChe/DaMiZhiTongChe-Prefix.pch";
				INFOPLIST_FILE = DaMiZhiTongChe/Info.plist;
				IPHONEOS_DEPLOYMENT_TARGET = 7.0;
				LD_RUNPATH_SEARCH_PATHS = "$(inherited) @executable_path/Frameworks";
				LIBRARY_SEARCH_PATHS = (
					"$(inherited)",
					"$(PROJECT_DIR)/DaMiZhiTongChe/ThirdPart/mta-ios-stats-sdk-1.4.10",
				);
				OTHER_LDFLAGS = (
					"$(inherited)",
					"-ObjC",
				);
				PRODUCT_BUNDLE_IDENTIFIER = com.longweizhongxingongmao.DaMiZhiTongChe;
				PRODUCT_NAME = "$(TARGET_NAME)";
				PROVISIONING_PROFILE = "ca255d74-1a04-4dad-92da-d46599062a7e";
			};
			name = Debug;
		};
		83E0A2881C7AF3B4002E4954 /* Release */ = {
			isa = XCBuildConfiguration;
			baseConfigurationReference = 50FFD4F0D120AD746C8EA22F /* Pods.release.xcconfig */;
			buildSettings = {
				ASSETCATALOG_COMPILER_APPICON_NAME = AppIcon;
				ASSETCATALOG_COMPILER_LAUNCHIMAGE_NAME = LaunchImage;
				CODE_SIGN_IDENTITY = "iPhone Developer";
				"CODE_SIGN_IDENTITY[sdk=iphoneos*]" = "iPhone Distribution: Harbin Longwei Zhongxin Industry And Trade Co., Ltd. (CBM334KPUX)";
				ENABLE_BITCODE = NO;
				FRAMEWORK_SEARCH_PATHS = (
					"$(inherited)",
					"$(PROJECT_DIR)/DaMiZhiTongChe/ThirdPart/KSCrash",
				);
				GCC_PRECOMPILE_PREFIX_HEADER = YES;
				GCC_PREFIX_HEADER = "$(SRCROOT)/DaMiZhiTongChe/DaMiZhiTongChe-Prefix.pch";
				INFOPLIST_FILE = DaMiZhiTongChe/Info.plist;
				IPHONEOS_DEPLOYMENT_TARGET = 7.0;
				LD_RUNPATH_SEARCH_PATHS = "$(inherited) @executable_path/Frameworks";
				LIBRARY_SEARCH_PATHS = (
					"$(inherited)",
					"$(PROJECT_DIR)/DaMiZhiTongChe/ThirdPart/mta-ios-stats-sdk-1.4.10",
				);
				OTHER_LDFLAGS = (
					"$(inherited)",
					"-ObjC",
				);
				PRODUCT_BUNDLE_IDENTIFIER = com.longweizhongxingongmao.DaMiZhiTongChe;
				PRODUCT_NAME = "$(TARGET_NAME)";
				PROVISIONING_PROFILE = "e010ec7e-c36f-4222-9610-0badb27fde56";
			};
			name = Release;
		};
		83E0A28A1C7AF3B4002E4954 /* Debug */ = {
			isa = XCBuildConfiguration;
			buildSettings = {
				BUNDLE_LOADER = "$(TEST_HOST)";
				INFOPLIST_FILE = DaMiZhiTongCheTests/Info.plist;
				LD_RUNPATH_SEARCH_PATHS = "$(inherited) @executable_path/Frameworks @loader_path/Frameworks";
				PRODUCT_BUNDLE_IDENTIFIER = com.longweizhongxingongmao.DaMiZhiTongCheTests;
				PRODUCT_NAME = "$(TARGET_NAME)";
				TEST_HOST = "$(BUILT_PRODUCTS_DIR)/DaMiZhiTongChe.app/DaMiZhiTongChe";
			};
			name = Debug;
		};
		83E0A28B1C7AF3B4002E4954 /* Release */ = {
			isa = XCBuildConfiguration;
			buildSettings = {
				BUNDLE_LOADER = "$(TEST_HOST)";
				INFOPLIST_FILE = DaMiZhiTongCheTests/Info.plist;
				LD_RUNPATH_SEARCH_PATHS = "$(inherited) @executable_path/Frameworks @loader_path/Frameworks";
				PRODUCT_BUNDLE_IDENTIFIER = com.longweizhongxingongmao.DaMiZhiTongCheTests;
				PRODUCT_NAME = "$(TARGET_NAME)";
				TEST_HOST = "$(BUILT_PRODUCTS_DIR)/DaMiZhiTongChe.app/DaMiZhiTongChe";
			};
			name = Release;
		};
		83E0A28D1C7AF3B4002E4954 /* Debug */ = {
			isa = XCBuildConfiguration;
			buildSettings = {
				INFOPLIST_FILE = DaMiZhiTongCheUITests/Info.plist;
				LD_RUNPATH_SEARCH_PATHS = "$(inherited) @executable_path/Frameworks @loader_path/Frameworks";
				PRODUCT_BUNDLE_IDENTIFIER = com.longweizhongxingongmao.DaMiZhiTongCheUITests;
				PRODUCT_NAME = "$(TARGET_NAME)";
				TEST_TARGET_NAME = DaMiZhiTongChe;
			};
			name = Debug;
		};
		83E0A28E1C7AF3B4002E4954 /* Release */ = {
			isa = XCBuildConfiguration;
			buildSettings = {
				INFOPLIST_FILE = DaMiZhiTongCheUITests/Info.plist;
				LD_RUNPATH_SEARCH_PATHS = "$(inherited) @executable_path/Frameworks @loader_path/Frameworks";
				PRODUCT_BUNDLE_IDENTIFIER = com.longweizhongxingongmao.DaMiZhiTongCheUITests;
				PRODUCT_NAME = "$(TARGET_NAME)";
				TEST_TARGET_NAME = DaMiZhiTongChe;
			};
			name = Release;
		};
/* End XCBuildConfiguration section */

/* Begin XCConfigurationList section */
		83E0A2541C7AF3B4002E4954 /* Build configuration list for PBXProject "DaMiZhiTongChe" */ = {
			isa = XCConfigurationList;
			buildConfigurations = (
				83E0A2841C7AF3B4002E4954 /* Debug */,
				83E0A2851C7AF3B4002E4954 /* Release */,
			);
			defaultConfigurationIsVisible = 0;
			defaultConfigurationName = Release;
		};
		83E0A2861C7AF3B4002E4954 /* Build configuration list for PBXNativeTarget "DaMiZhiTongChe" */ = {
			isa = XCConfigurationList;
			buildConfigurations = (
				83E0A2871C7AF3B4002E4954 /* Debug */,
				83E0A2881C7AF3B4002E4954 /* Release */,
			);
			defaultConfigurationIsVisible = 0;
			defaultConfigurationName = Release;
		};
		83E0A2891C7AF3B4002E4954 /* Build configuration list for PBXNativeTarget "DaMiZhiTongCheTests" */ = {
			isa = XCConfigurationList;
			buildConfigurations = (
				83E0A28A1C7AF3B4002E4954 /* Debug */,
				83E0A28B1C7AF3B4002E4954 /* Release */,
			);
			defaultConfigurationIsVisible = 0;
			defaultConfigurationName = Release;
		};
		83E0A28C1C7AF3B4002E4954 /* Build configuration list for PBXNativeTarget "DaMiZhiTongCheUITests" */ = {
			isa = XCConfigurationList;
			buildConfigurations = (
				83E0A28D1C7AF3B4002E4954 /* Debug */,
				83E0A28E1C7AF3B4002E4954 /* Release */,
			);
			defaultConfigurationIsVisible = 0;
			defaultConfigurationName = Release;
		};
/* End XCConfigurationList section */
	};
	rootObject = 83E0A2511C7AF3B4002E4954 /* Project object */;
}
